
Microsoft Visual Studio Solution File, Format Version 12.00
# Visual Studio 15
VisualStudioVersion = 15.0.26124.0
MinimumVisualStudioVersion = 15.0.26124.0
Project("{FAE04EC0-301F-11D3-BF4B-00C04F79EFBC}") = "Sentinel.Api.Product", "Sentinel.Api.Product.csproj", "{59D89C89-F605-4176-90B5-2F38DBAA46E7}"
EndProject
Project("{FAE04EC0-301F-11D3-BF4B-00C04F79EFBC}") = "Sentinel.Api.Product.Tests", "..\Sentinel.Api.Product.Tests\Sentinel.Api.Product.Tests.csproj", "{3DC0106F-1961-4ECE-81F7-CAD7C1D6E41C}"
EndProject
Project("{FAE04EC0-301F-11D3-BF4B-00C04F79EFBC}") = "Mercan.Common.Mongo", "..\Mercan\Mercan.Common.Mongo\Mercan.Common.Mongo.csproj", "{CEE2A2DE-0059-4A78-A408-9223CD89BACC}"
EndProject
Project("{FAE04EC0-301F-11D3-BF4B-00C04F79EFBC}") = "Sentinel.Model", "..\Sentinel.Common\Sentinel.Model\Sentinel.Model.csproj", "{FE4EC963-8F55-4F91-BDAF-881AD82697CE}"
EndProject
Project("{FAE04EC0-301F-11D3-BF4B-00C04F79EFBC}") = "Sentinel.Repos", "..\Sentinel.Common\Sentinel.Repos\Sentinel.Repos.csproj", "{7D0E02C7-A18C-4428-87FE-AF5613F94141}"
EndProject
Project("{FAE04EC0-301F-11D3-BF4B-00C04F79EFBC}") = "Mercan.HealthChecks.Mongo", "..\HealthChecks\Mercan.HealthChecks.Mongo\Mercan.HealthChecks.Mongo.csproj", "{87497240-A016-4F9E-AF3A-F66BCD99E24B}"
EndProject
Project("{FAE04EC0-301F-11D3-BF4B-00C04F79EFBC}") = "Mercan.HealthChecks.Common", "..\HealthChecks\Mercan.HealthChecks.Common\Mercan.HealthChecks.Common.csproj", "{F4CFF631-DD4E-422E-BC18-40C7A7A6C751}"
EndProject
Global
	GlobalSection(SolutionConfigurationPlatforms) = preSolution
		Debug|Any CPU = Debug|Any CPU
		Debug|x64 = Debug|x64
		Debug|x86 = Debug|x86
		Release|Any CPU = Release|Any CPU
		Release|x64 = Release|x64
		Release|x86 = Release|x86
	EndGlobalSection
	GlobalSection(SolutionProperties) = preSolution
		HideSolutionNode = FALSE
	EndGlobalSection
	GlobalSection(ProjectConfigurationPlatforms) = postSolution
		{59D89C89-F605-4176-90B5-2F38DBAA46E7}.Debug|Any CPU.ActiveCfg = Debug|Any CPU
		{59D89C89-F605-4176-90B5-2F38DBAA46E7}.Debug|Any CPU.Build.0 = Debug|Any CPU
		{59D89C89-F605-4176-90B5-2F38DBAA46E7}.Debug|x64.ActiveCfg = Debug|Any CPU
		{59D89C89-F605-4176-90B5-2F38DBAA46E7}.Debug|x64.Build.0 = Debug|Any CPU
		{59D89C89-F605-4176-90B5-2F38DBAA46E7}.Debug|x86.ActiveCfg = Debug|Any CPU
		{59D89C89-F605-4176-90B5-2F38DBAA46E7}.Debug|x86.Build.0 = Debug|Any CPU
		{59D89C89-F605-4176-90B5-2F38DBAA46E7}.Release|Any CPU.ActiveCfg = Release|Any CPU
		{59D89C89-F605-4176-90B5-2F38DBAA46E7}.Release|Any CPU.Build.0 = Release|Any CPU
		{59D89C89-F605-4176-90B5-2F38DBAA46E7}.Release|x64.ActiveCfg = Release|Any CPU
		{59D89C89-F605-4176-90B5-2F38DBAA46E7}.Release|x64.Build.0 = Release|Any CPU
		{59D89C89-F605-4176-90B5-2F38DBAA46E7}.Release|x86.ActiveCfg = Release|Any CPU
		{59D89C89-F605-4176-90B5-2F38DBAA46E7}.Release|x86.Build.0 = Release|Any CPU
		{3DC0106F-1961-4ECE-81F7-CAD7C1D6E41C}.Debug|Any CPU.ActiveCfg = Debug|Any CPU
		{3DC0106F-1961-4ECE-81F7-CAD7C1D6E41C}.Debug|Any CPU.Build.0 = Debug|Any CPU
		{3DC0106F-1961-4ECE-81F7-CAD7C1D6E41C}.Debug|x64.ActiveCfg = Debug|Any CPU
		{3DC0106F-1961-4ECE-81F7-CAD7C1D6E41C}.Debug|x64.Build.0 = Debug|Any CPU
		{3DC0106F-1961-4ECE-81F7-CAD7C1D6E41C}.Debug|x86.ActiveCfg = Debug|Any CPU
		{3DC0106F-1961-4ECE-81F7-CAD7C1D6E41C}.Debug|x86.Build.0 = Debug|Any CPU
		{3DC0106F-1961-4ECE-81F7-CAD7C1D6E41C}.Release|Any CPU.ActiveCfg = Release|Any CPU
		{3DC0106F-1961-4ECE-81F7-CAD7C1D6E41C}.Release|Any CPU.Build.0 = Release|Any CPU
		{3DC0106F-1961-4ECE-81F7-CAD7C1D6E41C}.Release|x64.ActiveCfg = Release|Any CPU
		{3DC0106F-1961-4ECE-81F7-CAD7C1D6E41C}.Release|x64.Build.0 = Release|Any CPU
		{3DC0106F-1961-4ECE-81F7-CAD7C1D6E41C}.Release|x86.ActiveCfg = Release|Any CPU
		{3DC0106F-1961-4ECE-81F7-CAD7C1D6E41C}.Release|x86.Build.0 = Release|Any CPU
		{CEE2A2DE-0059-4A78-A408-9223CD89BACC}.Debug|Any CPU.ActiveCfg = Debug|Any CPU
		{CEE2A2DE-0059-4A78-A408-9223CD89BACC}.Debug|Any CPU.Build.0 = Debug|Any CPU
		{CEE2A2DE-0059-4A78-A408-9223CD89BACC}.Debug|x64.ActiveCfg = Debug|Any CPU
		{CEE2A2DE-0059-4A78-A408-9223CD89BACC}.Debug|x64.Build.0 = Debug|Any CPU
		{CEE2A2DE-0059-4A78-A408-9223CD89BACC}.Debug|x86.ActiveCfg = Debug|Any CPU
		{CEE2A2DE-0059-4A78-A408-9223CD89BACC}.Debug|x86.Build.0 = Debug|Any CPU
		{CEE2A2DE-0059-4A78-A408-9223CD89BACC}.Release|Any CPU.ActiveCfg = Release|Any CPU
		{CEE2A2DE-0059-4A78-A408-9223CD89BACC}.Release|Any CPU.Build.0 = Release|Any CPU
		{CEE2A2DE-0059-4A78-A408-9223CD89BACC}.Release|x64.ActiveCfg = Release|Any CPU
		{CEE2A2DE-0059-4A78-A408-9223CD89BACC}.Release|x64.Build.0 = Release|Any CPU
		{CEE2A2DE-0059-4A78-A408-9223CD89BACC}.Release|x86.ActiveCfg = Release|Any CPU
		{CEE2A2DE-0059-4A78-A408-9223CD89BACC}.Release|x86.Build.0 = Release|Any CPU
		{FE4EC963-8F55-4F91-BDAF-881AD82697CE}.Debug|Any CPU.ActiveCfg = Debug|Any CPU
		{FE4EC963-8F55-4F91-BDAF-881AD82697CE}.Debug|Any CPU.Build.0 = Debug|Any CPU
		{FE4EC963-8F55-4F91-BDAF-881AD82697CE}.Debug|x64.ActiveCfg = Debug|Any CPU
		{FE4EC963-8F55-4F91-BDAF-881AD82697CE}.Debug|x64.Build.0 = Debug|Any CPU
		{FE4EC963-8F55-4F91-BDAF-881AD82697CE}.Debug|x86.ActiveCfg = Debug|Any CPU
		{FE4EC963-8F55-4F91-BDAF-881AD82697CE}.Debug|x86.Build.0 = Debug|Any CPU
		{FE4EC963-8F55-4F91-BDAF-881AD82697CE}.Release|Any CPU.ActiveCfg = Release|Any CPU
		{FE4EC963-8F55-4F91-BDAF-881AD82697CE}.Release|Any CPU.Build.0 = Release|Any CPU
		{FE4EC963-8F55-4F91-BDAF-881AD82697CE}.Release|x64.ActiveCfg = Release|Any CPU
		{FE4EC963-8F55-4F91-BDAF-881AD82697CE}.Release|x64.Build.0 = Release|Any CPU
		{FE4EC963-8F55-4F91-BDAF-881AD82697CE}.Release|x86.ActiveCfg = Release|Any CPU
		{FE4EC963-8F55-4F91-BDAF-881AD82697CE}.Release|x86.Build.0 = Release|Any CPU
		{7D0E02C7-A18C-4428-87FE-AF5613F94141}.Debug|Any CPU.ActiveCfg = Debug|Any CPU
		{7D0E02C7-A18C-4428-87FE-AF5613F94141}.Debug|Any CPU.Build.0 = Debug|Any CPU
		{7D0E02C7-A18C-4428-87FE-AF5613F94141}.Debug|x64.ActiveCfg = Debug|Any CPU
		{7D0E02C7-A18C-4428-87FE-AF5613F94141}.Debug|x64.Build.0 = Debug|Any CPU
		{7D0E02C7-A18C-4428-87FE-AF5613F94141}.Debug|x86.ActiveCfg = Debug|Any CPU
		{7D0E02C7-A18C-4428-87FE-AF5613F94141}.Debug|x86.Build.0 = Debug|Any CPU
		{7D0E02C7-A18C-4428-87FE-AF5613F94141}.Release|Any CPU.ActiveCfg = Release|Any CPU
		{7D0E02C7-A18C-4428-87FE-AF5613F94141}.Release|Any CPU.Build.0 = Release|Any CPU
		{7D0E02C7-A18C-4428-87FE-AF5613F94141}.Release|x64.ActiveCfg = Release|Any CPU
		{7D0E02C7-A18C-4428-87FE-AF5613F94141}.Release|x64.Build.0 = Release|Any CPU
		{7D0E02C7-A18C-4428-87FE-AF5613F94141}.Release|x86.ActiveCfg = Release|Any CPU
		{7D0E02C7-A18C-4428-87FE-AF5613F94141}.Release|x86.Build.0 = Release|Any CPU
		{87497240-A016-4F9E-AF3A-F66BCD99E24B}.Debug|Any CPU.ActiveCfg = Debug|Any CPU
		{87497240-A016-4F9E-AF3A-F66BCD99E24B}.Debug|Any CPU.Build.0 = Debug|Any CPU
		{87497240-A016-4F9E-AF3A-F66BCD99E24B}.Debug|x64.ActiveCfg = Debug|Any CPU
		{87497240-A016-4F9E-AF3A-F66BCD99E24B}.Debug|x64.Build.0 = Debug|Any CPU
		{87497240-A016-4F9E-AF3A-F66BCD99E24B}.Debug|x86.ActiveCfg = Debug|Any CPU
		{87497240-A016-4F9E-AF3A-F66BCD99E24B}.Debug|x86.Build.0 = Debug|Any CPU
		{87497240-A016-4F9E-AF3A-F66BCD99E24B}.Release|Any CPU.ActiveCfg = Release|Any CPU
		{87497240-A016-4F9E-AF3A-F66BCD99E24B}.Release|Any CPU.Build.0 = Release|Any CPU
		{87497240-A016-4F9E-AF3A-F66BCD99E24B}.Release|x64.ActiveCfg = Release|Any CPU
		{87497240-A016-4F9E-AF3A-F66BCD99E24B}.Release|x64.Build.0 = Release|Any CPU
		{87497240-A016-4F9E-AF3A-F66BCD99E24B}.Release|x86.ActiveCfg = Release|Any CPU
		{87497240-A016-4F9E-AF3A-F66BCD99E24B}.Release|x86.Build.0 = Release|Any CPU
		{F4CFF631-DD4E-422E-BC18-40C7A7A6C751}.Debug|Any CPU.ActiveCfg = Debug|Any CPU
		{F4CFF631-DD4E-422E-BC18-40C7A7A6C751}.Debug|Any CPU.Build.0 = Debug|Any CPU
		{F4CFF631-DD4E-422E-BC18-40C7A7A6C751}.Debug|x64.ActiveCfg = Debug|Any CPU
		{F4CFF631-DD4E-422E-BC18-40C7A7A6C751}.Debug|x64.Build.0 = Debug|Any CPU
		{F4CFF631-DD4E-422E-BC18-40C7A7A6C751}.Debug|x86.ActiveCfg = Debug|Any CPU
		{F4CFF631-DD4E-422E-BC18-40C7A7A6C751}.Debug|x86.Build.0 = Debug|Any CPU
		{F4CFF631-DD4E-422E-BC18-40C7A7A6C751}.Release|Any CPU.ActiveCfg = Release|Any CPU
		{F4CFF631-DD4E-422E-BC18-40C7A7A6C751}.Release|Any CPU.Build.0 = Release|Any CPU
		{F4CFF631-DD4E-422E-BC18-40C7A7A6C751}.Release|x64.ActiveCfg = Release|Any CPU
		{F4CFF631-DD4E-422E-BC18-40C7A7A6C751}.Release|x64.Build.0 = Release|Any CPU
		{F4CFF631-DD4E-422E-BC18-40C7A7A6C751}.Release|x86.ActiveCfg = Release|Any CPU
		{F4CFF631-DD4E-422E-BC18-40C7A7A6C751}.Release|x86.Build.0 = Release|Any CPU
	EndGlobalSection
EndGlobal
