
Microsoft Visual Studio Solution File, Format Version 12.00
# Visual Studio 15
VisualStudioVersion = 15.0.26124.0
MinimumVisualStudioVersion = 15.0.26124.0
Project("{FAE04EC0-301F-11D3-BF4B-00C04F79EFBC}") = "Sentinel.UI.STS", "Sentinel.UI.STS.csproj", "{81223303-1435-445E-87B1-18A3D846417C}"
EndProject
Project("{FAE04EC0-301F-11D3-BF4B-00C04F79EFBC}") = "Sentinel.UI.STS.Tests", "..\Sentinel.UI.STS.Tests\Sentinel.UI.STS.Tests.csproj", "{32A5EA81-C802-46D5-9830-953E502B45EA}"
EndProject
Global
	GlobalSection(SolutionConfigurationPlatforms) = preSolution
		Debug|Any CPU = Debug|Any CPU
		Debug|x64 = Debug|x64
		Debug|x86 = Debug|x86
		Release|Any CPU = Release|Any CPU
		Release|x64 = Release|x64
		Release|x86 = Release|x86
	EndGlobalSection
	GlobalSection(SolutionProperties) = preSolution
		HideSolutionNode = FALSE
	EndGlobalSection
	GlobalSection(ProjectConfigurationPlatforms) = postSolution
		{81223303-1435-445E-87B1-18A3D846417C}.Debug|Any CPU.ActiveCfg = Debug|Any CPU
		{81223303-1435-445E-87B1-18A3D846417C}.Debug|Any CPU.Build.0 = Debug|Any CPU
		{81223303-1435-445E-87B1-18A3D846417C}.Debug|x64.ActiveCfg = Debug|Any CPU
		{81223303-1435-445E-87B1-18A3D846417C}.Debug|x64.Build.0 = Debug|Any CPU
		{81223303-1435-445E-87B1-18A3D846417C}.Debug|x86.ActiveCfg = Debug|Any CPU
		{81223303-1435-445E-87B1-18A3D846417C}.Debug|x86.Build.0 = Debug|Any CPU
		{81223303-1435-445E-87B1-18A3D846417C}.Release|Any CPU.ActiveCfg = Release|Any CPU
		{81223303-1435-445E-87B1-18A3D846417C}.Release|Any CPU.Build.0 = Release|Any CPU
		{81223303-1435-445E-87B1-18A3D846417C}.Release|x64.ActiveCfg = Release|Any CPU
		{81223303-1435-445E-87B1-18A3D846417C}.Release|x64.Build.0 = Release|Any CPU
		{81223303-1435-445E-87B1-18A3D846417C}.Release|x86.ActiveCfg = Release|Any CPU
		{81223303-1435-445E-87B1-18A3D846417C}.Release|x86.Build.0 = Release|Any CPU
		{32A5EA81-C802-46D5-9830-953E502B45EA}.Debug|Any CPU.ActiveCfg = Debug|Any CPU
		{32A5EA81-C802-46D5-9830-953E502B45EA}.Debug|Any CPU.Build.0 = Debug|Any CPU
		{32A5EA81-C802-46D5-9830-953E502B45EA}.Debug|x64.ActiveCfg = Debug|Any CPU
		{32A5EA81-C802-46D5-9830-953E502B45EA}.Debug|x64.Build.0 = Debug|Any CPU
		{32A5EA81-C802-46D5-9830-953E502B45EA}.Debug|x86.ActiveCfg = Debug|Any CPU
		{32A5EA81-C802-46D5-9830-953E502B45EA}.Debug|x86.Build.0 = Debug|Any CPU
		{32A5EA81-C802-46D5-9830-953E502B45EA}.Release|Any CPU.ActiveCfg = Release|Any CPU
		{32A5EA81-C802-46D5-9830-953E502B45EA}.Release|Any CPU.Build.0 = Release|Any CPU
		{32A5EA81-C802-46D5-9830-953E502B45EA}.Release|x64.ActiveCfg = Release|Any CPU
		{32A5EA81-C802-46D5-9830-953E502B45EA}.Release|x64.Build.0 = Release|Any CPU
		{32A5EA81-C802-46D5-9830-953E502B45EA}.Release|x86.ActiveCfg = Release|Any CPU
		{32A5EA81-C802-46D5-9830-953E502B45EA}.Release|x86.Build.0 = Release|Any CPU
	EndGlobalSection
EndGlobal
