
Microsoft Visual Studio Solution File, Format Version 12.00
# Visual Studio 15
VisualStudioVersion = 15.0.26124.0
MinimumVisualStudioVersion = 15.0.26124.0
Project("{FAE04EC0-301F-11D3-BF4B-00C04F79EFBC}") = "Sentinel.Api.Product", "Sentinel.Api.Product\Sentinel.Api.Product.csproj", "{0301FBFE-51FA-4953-B5AF-C6C407520D72}"
EndProject
Project("{2150E333-8FDC-42A3-9474-1A3956D46DE8}") = "mercan", "mercan", "{851BFF8B-B848-4DA6-AF8B-CD093AD4A711}"
EndProject
Project("{FAE04EC0-301F-11D3-BF4B-00C04F79EFBC}") = "Mercan.HealthChecks.Common", "mercan\Mercan.HealthChecks.Common\Mercan.HealthChecks.Common.csproj", "{3B3CD0C0-652A-4BB5-86DE-1F268CD9BFD7}"
EndProject
Project("{FAE04EC0-301F-11D3-BF4B-00C04F79EFBC}") = "Mercan.Common", "Mercan\Mercan.Common\Mercan.Common.csproj", "{5B849F66-5D75-4B0F-B847-FBC6E53F7F66}"
EndProject
Project("{FAE04EC0-301F-11D3-BF4B-00C04F79EFBC}") = "Mercan.Common.Mongo", "Mercan\Mercan.Common.Mongo\Mercan.Common.Mongo.csproj", "{BD1E6B4B-81F3-4B38-8311-93B425C5A386}"
EndProject
Project("{FAE04EC0-301F-11D3-BF4B-00C04F79EFBC}") = "Mercan.Common.Mvc", "Mercan\Mercan.Common.Mvc\Mercan.Common.Mvc.csproj", "{1BE5F25C-3030-4104-976E-EEE901B664D2}"
EndProject
Project("{FAE04EC0-301F-11D3-BF4B-00C04F79EFBC}") = "Sentinel.Api.Comms", "Sentinel.Api.Comms\Sentinel.Api.Comms.csproj", "{5B2FB0EE-5A37-45C9-9025-B3664457A6DE}"
EndProject
Project("{FAE04EC0-301F-11D3-BF4B-00C04F79EFBC}") = "Sentinel.Api.Member", "Sentinel.Api.Member\Sentinel.Api.Member.csproj", "{447DDACA-75EE-494F-9BFE-5ADA5ABCA265}"
EndProject
Project("{2150E333-8FDC-42A3-9474-1A3956D46DE8}") = "Sentinel.Common", "Sentinel.Common", "{4AF6B600-675F-461B-82E0-A9493FB3CC48}"
EndProject
Project("{FAE04EC0-301F-11D3-BF4B-00C04F79EFBC}") = "Sentinel.Model", "Sentinel.Common\Sentinel.Model\Sentinel.Model.csproj", "{DB6F4D5C-4AEC-4388-8B12-D07ECE6242A9}"
EndProject
Project("{FAE04EC0-301F-11D3-BF4B-00C04F79EFBC}") = "Sentinel.Repos", "Sentinel.Common\Sentinel.Repos\Sentinel.Repos.csproj", "{B7A82265-9E58-431E-B2E6-55020ACADDBB}"
EndProject
Project("{FAE04EC0-301F-11D3-BF4B-00C04F79EFBC}") = "Sentinel.Handler.Comms", "Sentinel.Handler.Comms\Sentinel.Handler.Comms.csproj", "{916DAA64-209A-4E55-A27E-00444EB07C57}"
EndProject
Project("{FAE04EC0-301F-11D3-BF4B-00C04F79EFBC}") = "Sentinel.Handler.Product", "Sentinel.Handler.Product\Sentinel.Handler.Product.csproj", "{1B943CAF-3B02-4F90-A719-8ADE17371127}"
EndProject
Project("{FAE04EC0-301F-11D3-BF4B-00C04F79EFBC}") = "Sentinel.UI.Product", "Sentinel.UI.Product\Sentinel.UI.Product.csproj", "{5C4D0FFC-782A-4337-99D2-B9538D328126}"
EndProject
Project("{FAE04EC0-301F-11D3-BF4B-00C04F79EFBC}") = "Sentinel.UI.STS", "Sentinel.UI.STS\Sentinel.UI.STS.csproj", "{CECDB48E-5DE2-4B1A-A539-8A2730B2E6F7}"
EndProject
Project("{FAE04EC0-301F-11D3-BF4B-00C04F79EFBC}") = "Mercan.HealthChecks.Mongo", "Mercan\Mercan.HealthChecks.Mongo\Mercan.HealthChecks.Mongo.csproj", "{0AB3FF0E-61A7-437D-9D34-B3A594E71B19}"
EndProject
Global
	GlobalSection(SolutionConfigurationPlatforms) = preSolution
		Debug|Any CPU = Debug|Any CPU
		Debug|x64 = Debug|x64
		Debug|x86 = Debug|x86
		Release|Any CPU = Release|Any CPU
		Release|x64 = Release|x64
		Release|x86 = Release|x86
	EndGlobalSection
	GlobalSection(SolutionProperties) = preSolution
		HideSolutionNode = FALSE
	EndGlobalSection
	GlobalSection(ProjectConfigurationPlatforms) = postSolution
		{0301FBFE-51FA-4953-B5AF-C6C407520D72}.Debug|Any CPU.ActiveCfg = Debug|Any CPU
		{0301FBFE-51FA-4953-B5AF-C6C407520D72}.Debug|Any CPU.Build.0 = Debug|Any CPU
		{0301FBFE-51FA-4953-B5AF-C6C407520D72}.Debug|x64.ActiveCfg = Debug|Any CPU
		{0301FBFE-51FA-4953-B5AF-C6C407520D72}.Debug|x64.Build.0 = Debug|Any CPU
		{0301FBFE-51FA-4953-B5AF-C6C407520D72}.Debug|x86.ActiveCfg = Debug|Any CPU
		{0301FBFE-51FA-4953-B5AF-C6C407520D72}.Debug|x86.Build.0 = Debug|Any CPU
		{0301FBFE-51FA-4953-B5AF-C6C407520D72}.Release|Any CPU.ActiveCfg = Release|Any CPU
		{0301FBFE-51FA-4953-B5AF-C6C407520D72}.Release|Any CPU.Build.0 = Release|Any CPU
		{0301FBFE-51FA-4953-B5AF-C6C407520D72}.Release|x64.ActiveCfg = Release|Any CPU
		{0301FBFE-51FA-4953-B5AF-C6C407520D72}.Release|x64.Build.0 = Release|Any CPU
		{0301FBFE-51FA-4953-B5AF-C6C407520D72}.Release|x86.ActiveCfg = Release|Any CPU
		{0301FBFE-51FA-4953-B5AF-C6C407520D72}.Release|x86.Build.0 = Release|Any CPU
		{3B3CD0C0-652A-4BB5-86DE-1F268CD9BFD7}.Debug|Any CPU.ActiveCfg = Debug|Any CPU
		{3B3CD0C0-652A-4BB5-86DE-1F268CD9BFD7}.Debug|Any CPU.Build.0 = Debug|Any CPU
		{3B3CD0C0-652A-4BB5-86DE-1F268CD9BFD7}.Debug|x64.ActiveCfg = Debug|Any CPU
		{3B3CD0C0-652A-4BB5-86DE-1F268CD9BFD7}.Debug|x64.Build.0 = Debug|Any CPU
		{3B3CD0C0-652A-4BB5-86DE-1F268CD9BFD7}.Debug|x86.ActiveCfg = Debug|Any CPU
		{3B3CD0C0-652A-4BB5-86DE-1F268CD9BFD7}.Debug|x86.Build.0 = Debug|Any CPU
		{3B3CD0C0-652A-4BB5-86DE-1F268CD9BFD7}.Release|Any CPU.ActiveCfg = Release|Any CPU
		{3B3CD0C0-652A-4BB5-86DE-1F268CD9BFD7}.Release|Any CPU.Build.0 = Release|Any CPU
		{3B3CD0C0-652A-4BB5-86DE-1F268CD9BFD7}.Release|x64.ActiveCfg = Release|Any CPU
		{3B3CD0C0-652A-4BB5-86DE-1F268CD9BFD7}.Release|x64.Build.0 = Release|Any CPU
		{3B3CD0C0-652A-4BB5-86DE-1F268CD9BFD7}.Release|x86.ActiveCfg = Release|Any CPU
		{3B3CD0C0-652A-4BB5-86DE-1F268CD9BFD7}.Release|x86.Build.0 = Release|Any CPU
		{5B849F66-5D75-4B0F-B847-FBC6E53F7F66}.Debug|Any CPU.ActiveCfg = Debug|Any CPU
		{5B849F66-5D75-4B0F-B847-FBC6E53F7F66}.Debug|Any CPU.Build.0 = Debug|Any CPU
		{5B849F66-5D75-4B0F-B847-FBC6E53F7F66}.Debug|x64.ActiveCfg = Debug|Any CPU
		{5B849F66-5D75-4B0F-B847-FBC6E53F7F66}.Debug|x64.Build.0 = Debug|Any CPU
		{5B849F66-5D75-4B0F-B847-FBC6E53F7F66}.Debug|x86.ActiveCfg = Debug|Any CPU
		{5B849F66-5D75-4B0F-B847-FBC6E53F7F66}.Debug|x86.Build.0 = Debug|Any CPU
		{5B849F66-5D75-4B0F-B847-FBC6E53F7F66}.Release|Any CPU.ActiveCfg = Release|Any CPU
		{5B849F66-5D75-4B0F-B847-FBC6E53F7F66}.Release|Any CPU.Build.0 = Release|Any CPU
		{5B849F66-5D75-4B0F-B847-FBC6E53F7F66}.Release|x64.ActiveCfg = Release|Any CPU
		{5B849F66-5D75-4B0F-B847-FBC6E53F7F66}.Release|x64.Build.0 = Release|Any CPU
		{5B849F66-5D75-4B0F-B847-FBC6E53F7F66}.Release|x86.ActiveCfg = Release|Any CPU
		{5B849F66-5D75-4B0F-B847-FBC6E53F7F66}.Release|x86.Build.0 = Release|Any CPU
		{BD1E6B4B-81F3-4B38-8311-93B425C5A386}.Debug|Any CPU.ActiveCfg = Debug|Any CPU
		{BD1E6B4B-81F3-4B38-8311-93B425C5A386}.Debug|Any CPU.Build.0 = Debug|Any CPU
		{BD1E6B4B-81F3-4B38-8311-93B425C5A386}.Debug|x64.ActiveCfg = Debug|Any CPU
		{BD1E6B4B-81F3-4B38-8311-93B425C5A386}.Debug|x64.Build.0 = Debug|Any CPU
		{BD1E6B4B-81F3-4B38-8311-93B425C5A386}.Debug|x86.ActiveCfg = Debug|Any CPU
		{BD1E6B4B-81F3-4B38-8311-93B425C5A386}.Debug|x86.Build.0 = Debug|Any CPU
		{BD1E6B4B-81F3-4B38-8311-93B425C5A386}.Release|Any CPU.ActiveCfg = Release|Any CPU
		{BD1E6B4B-81F3-4B38-8311-93B425C5A386}.Release|Any CPU.Build.0 = Release|Any CPU
		{BD1E6B4B-81F3-4B38-8311-93B425C5A386}.Release|x64.ActiveCfg = Release|Any CPU
		{BD1E6B4B-81F3-4B38-8311-93B425C5A386}.Release|x64.Build.0 = Release|Any CPU
		{BD1E6B4B-81F3-4B38-8311-93B425C5A386}.Release|x86.ActiveCfg = Release|Any CPU
		{BD1E6B4B-81F3-4B38-8311-93B425C5A386}.Release|x86.Build.0 = Release|Any CPU
		{1BE5F25C-3030-4104-976E-EEE901B664D2}.Debug|Any CPU.ActiveCfg = Debug|Any CPU
		{1BE5F25C-3030-4104-976E-EEE901B664D2}.Debug|Any CPU.Build.0 = Debug|Any CPU
		{1BE5F25C-3030-4104-976E-EEE901B664D2}.Debug|x64.ActiveCfg = Debug|Any CPU
		{1BE5F25C-3030-4104-976E-EEE901B664D2}.Debug|x64.Build.0 = Debug|Any CPU
		{1BE5F25C-3030-4104-976E-EEE901B664D2}.Debug|x86.ActiveCfg = Debug|Any CPU
		{1BE5F25C-3030-4104-976E-EEE901B664D2}.Debug|x86.Build.0 = Debug|Any CPU
		{1BE5F25C-3030-4104-976E-EEE901B664D2}.Release|Any CPU.ActiveCfg = Release|Any CPU
		{1BE5F25C-3030-4104-976E-EEE901B664D2}.Release|Any CPU.Build.0 = Release|Any CPU
		{1BE5F25C-3030-4104-976E-EEE901B664D2}.Release|x64.ActiveCfg = Release|Any CPU
		{1BE5F25C-3030-4104-976E-EEE901B664D2}.Release|x64.Build.0 = Release|Any CPU
		{1BE5F25C-3030-4104-976E-EEE901B664D2}.Release|x86.ActiveCfg = Release|Any CPU
		{1BE5F25C-3030-4104-976E-EEE901B664D2}.Release|x86.Build.0 = Release|Any CPU
		{5B2FB0EE-5A37-45C9-9025-B3664457A6DE}.Debug|Any CPU.ActiveCfg = Debug|Any CPU
		{5B2FB0EE-5A37-45C9-9025-B3664457A6DE}.Debug|Any CPU.Build.0 = Debug|Any CPU
		{5B2FB0EE-5A37-45C9-9025-B3664457A6DE}.Debug|x64.ActiveCfg = Debug|Any CPU
		{5B2FB0EE-5A37-45C9-9025-B3664457A6DE}.Debug|x64.Build.0 = Debug|Any CPU
		{5B2FB0EE-5A37-45C9-9025-B3664457A6DE}.Debug|x86.ActiveCfg = Debug|Any CPU
		{5B2FB0EE-5A37-45C9-9025-B3664457A6DE}.Debug|x86.Build.0 = Debug|Any CPU
		{5B2FB0EE-5A37-45C9-9025-B3664457A6DE}.Release|Any CPU.ActiveCfg = Release|Any CPU
		{5B2FB0EE-5A37-45C9-9025-B3664457A6DE}.Release|Any CPU.Build.0 = Release|Any CPU
		{5B2FB0EE-5A37-45C9-9025-B3664457A6DE}.Release|x64.ActiveCfg = Release|Any CPU
		{5B2FB0EE-5A37-45C9-9025-B3664457A6DE}.Release|x64.Build.0 = Release|Any CPU
		{5B2FB0EE-5A37-45C9-9025-B3664457A6DE}.Release|x86.ActiveCfg = Release|Any CPU
		{5B2FB0EE-5A37-45C9-9025-B3664457A6DE}.Release|x86.Build.0 = Release|Any CPU
		{447DDACA-75EE-494F-9BFE-5ADA5ABCA265}.Debug|Any CPU.ActiveCfg = Debug|Any CPU
		{447DDACA-75EE-494F-9BFE-5ADA5ABCA265}.Debug|Any CPU.Build.0 = Debug|Any CPU
		{447DDACA-75EE-494F-9BFE-5ADA5ABCA265}.Debug|x64.ActiveCfg = Debug|Any CPU
		{447DDACA-75EE-494F-9BFE-5ADA5ABCA265}.Debug|x64.Build.0 = Debug|Any CPU
		{447DDACA-75EE-494F-9BFE-5ADA5ABCA265}.Debug|x86.ActiveCfg = Debug|Any CPU
		{447DDACA-75EE-494F-9BFE-5ADA5ABCA265}.Debug|x86.Build.0 = Debug|Any CPU
		{447DDACA-75EE-494F-9BFE-5ADA5ABCA265}.Release|Any CPU.ActiveCfg = Release|Any CPU
		{447DDACA-75EE-494F-9BFE-5ADA5ABCA265}.Release|Any CPU.Build.0 = Release|Any CPU
		{447DDACA-75EE-494F-9BFE-5ADA5ABCA265}.Release|x64.ActiveCfg = Release|Any CPU
		{447DDACA-75EE-494F-9BFE-5ADA5ABCA265}.Release|x64.Build.0 = Release|Any CPU
		{447DDACA-75EE-494F-9BFE-5ADA5ABCA265}.Release|x86.ActiveCfg = Release|Any CPU
		{447DDACA-75EE-494F-9BFE-5ADA5ABCA265}.Release|x86.Build.0 = Release|Any CPU
		{DB6F4D5C-4AEC-4388-8B12-D07ECE6242A9}.Debug|Any CPU.ActiveCfg = Debug|Any CPU
		{DB6F4D5C-4AEC-4388-8B12-D07ECE6242A9}.Debug|Any CPU.Build.0 = Debug|Any CPU
		{DB6F4D5C-4AEC-4388-8B12-D07ECE6242A9}.Debug|x64.ActiveCfg = Debug|Any CPU
		{DB6F4D5C-4AEC-4388-8B12-D07ECE6242A9}.Debug|x64.Build.0 = Debug|Any CPU
		{DB6F4D5C-4AEC-4388-8B12-D07ECE6242A9}.Debug|x86.ActiveCfg = Debug|Any CPU
		{DB6F4D5C-4AEC-4388-8B12-D07ECE6242A9}.Debug|x86.Build.0 = Debug|Any CPU
		{DB6F4D5C-4AEC-4388-8B12-D07ECE6242A9}.Release|Any CPU.ActiveCfg = Release|Any CPU
		{DB6F4D5C-4AEC-4388-8B12-D07ECE6242A9}.Release|Any CPU.Build.0 = Release|Any CPU
		{DB6F4D5C-4AEC-4388-8B12-D07ECE6242A9}.Release|x64.ActiveCfg = Release|Any CPU
		{DB6F4D5C-4AEC-4388-8B12-D07ECE6242A9}.Release|x64.Build.0 = Release|Any CPU
		{DB6F4D5C-4AEC-4388-8B12-D07ECE6242A9}.Release|x86.ActiveCfg = Release|Any CPU
		{DB6F4D5C-4AEC-4388-8B12-D07ECE6242A9}.Release|x86.Build.0 = Release|Any CPU
		{B7A82265-9E58-431E-B2E6-55020ACADDBB}.Debug|Any CPU.ActiveCfg = Debug|Any CPU
		{B7A82265-9E58-431E-B2E6-55020ACADDBB}.Debug|Any CPU.Build.0 = Debug|Any CPU
		{B7A82265-9E58-431E-B2E6-55020ACADDBB}.Debug|x64.ActiveCfg = Debug|Any CPU
		{B7A82265-9E58-431E-B2E6-55020ACADDBB}.Debug|x64.Build.0 = Debug|Any CPU
		{B7A82265-9E58-431E-B2E6-55020ACADDBB}.Debug|x86.ActiveCfg = Debug|Any CPU
		{B7A82265-9E58-431E-B2E6-55020ACADDBB}.Debug|x86.Build.0 = Debug|Any CPU
		{B7A82265-9E58-431E-B2E6-55020ACADDBB}.Release|Any CPU.ActiveCfg = Release|Any CPU
		{B7A82265-9E58-431E-B2E6-55020ACADDBB}.Release|Any CPU.Build.0 = Release|Any CPU
		{B7A82265-9E58-431E-B2E6-55020ACADDBB}.Release|x64.ActiveCfg = Release|Any CPU
		{B7A82265-9E58-431E-B2E6-55020ACADDBB}.Release|x64.Build.0 = Release|Any CPU
		{B7A82265-9E58-431E-B2E6-55020ACADDBB}.Release|x86.ActiveCfg = Release|Any CPU
		{B7A82265-9E58-431E-B2E6-55020ACADDBB}.Release|x86.Build.0 = Release|Any CPU
		{916DAA64-209A-4E55-A27E-00444EB07C57}.Debug|Any CPU.ActiveCfg = Debug|Any CPU
		{916DAA64-209A-4E55-A27E-00444EB07C57}.Debug|Any CPU.Build.0 = Debug|Any CPU
		{916DAA64-209A-4E55-A27E-00444EB07C57}.Debug|x64.ActiveCfg = Debug|Any CPU
		{916DAA64-209A-4E55-A27E-00444EB07C57}.Debug|x64.Build.0 = Debug|Any CPU
		{916DAA64-209A-4E55-A27E-00444EB07C57}.Debug|x86.ActiveCfg = Debug|Any CPU
		{916DAA64-209A-4E55-A27E-00444EB07C57}.Debug|x86.Build.0 = Debug|Any CPU
		{916DAA64-209A-4E55-A27E-00444EB07C57}.Release|Any CPU.ActiveCfg = Release|Any CPU
		{916DAA64-209A-4E55-A27E-00444EB07C57}.Release|Any CPU.Build.0 = Release|Any CPU
		{916DAA64-209A-4E55-A27E-00444EB07C57}.Release|x64.ActiveCfg = Release|Any CPU
		{916DAA64-209A-4E55-A27E-00444EB07C57}.Release|x64.Build.0 = Release|Any CPU
		{916DAA64-209A-4E55-A27E-00444EB07C57}.Release|x86.ActiveCfg = Release|Any CPU
		{916DAA64-209A-4E55-A27E-00444EB07C57}.Release|x86.Build.0 = Release|Any CPU
		{1B943CAF-3B02-4F90-A719-8ADE17371127}.Debug|Any CPU.ActiveCfg = Debug|Any CPU
		{1B943CAF-3B02-4F90-A719-8ADE17371127}.Debug|Any CPU.Build.0 = Debug|Any CPU
		{1B943CAF-3B02-4F90-A719-8ADE17371127}.Debug|x64.ActiveCfg = Debug|Any CPU
		{1B943CAF-3B02-4F90-A719-8ADE17371127}.Debug|x64.Build.0 = Debug|Any CPU
		{1B943CAF-3B02-4F90-A719-8ADE17371127}.Debug|x86.ActiveCfg = Debug|Any CPU
		{1B943CAF-3B02-4F90-A719-8ADE17371127}.Debug|x86.Build.0 = Debug|Any CPU
		{1B943CAF-3B02-4F90-A719-8ADE17371127}.Release|Any CPU.ActiveCfg = Release|Any CPU
		{1B943CAF-3B02-4F90-A719-8ADE17371127}.Release|Any CPU.Build.0 = Release|Any CPU
		{1B943CAF-3B02-4F90-A719-8ADE17371127}.Release|x64.ActiveCfg = Release|Any CPU
		{1B943CAF-3B02-4F90-A719-8ADE17371127}.Release|x64.Build.0 = Release|Any CPU
		{1B943CAF-3B02-4F90-A719-8ADE17371127}.Release|x86.ActiveCfg = Release|Any CPU
		{1B943CAF-3B02-4F90-A719-8ADE17371127}.Release|x86.Build.0 = Release|Any CPU
		{5C4D0FFC-782A-4337-99D2-B9538D328126}.Debug|Any CPU.ActiveCfg = Debug|Any CPU
		{5C4D0FFC-782A-4337-99D2-B9538D328126}.Debug|Any CPU.Build.0 = Debug|Any CPU
		{5C4D0FFC-782A-4337-99D2-B9538D328126}.Debug|x64.ActiveCfg = Debug|Any CPU
		{5C4D0FFC-782A-4337-99D2-B9538D328126}.Debug|x64.Build.0 = Debug|Any CPU
		{5C4D0FFC-782A-4337-99D2-B9538D328126}.Debug|x86.ActiveCfg = Debug|Any CPU
		{5C4D0FFC-782A-4337-99D2-B9538D328126}.Debug|x86.Build.0 = Debug|Any CPU
		{5C4D0FFC-782A-4337-99D2-B9538D328126}.Release|Any CPU.ActiveCfg = Release|Any CPU
		{5C4D0FFC-782A-4337-99D2-B9538D328126}.Release|Any CPU.Build.0 = Release|Any CPU
		{5C4D0FFC-782A-4337-99D2-B9538D328126}.Release|x64.ActiveCfg = Release|Any CPU
		{5C4D0FFC-782A-4337-99D2-B9538D328126}.Release|x64.Build.0 = Release|Any CPU
		{5C4D0FFC-782A-4337-99D2-B9538D328126}.Release|x86.ActiveCfg = Release|Any CPU
		{5C4D0FFC-782A-4337-99D2-B9538D328126}.Release|x86.Build.0 = Release|Any CPU
		{CECDB48E-5DE2-4B1A-A539-8A2730B2E6F7}.Debug|Any CPU.ActiveCfg = Debug|Any CPU
		{CECDB48E-5DE2-4B1A-A539-8A2730B2E6F7}.Debug|Any CPU.Build.0 = Debug|Any CPU
		{CECDB48E-5DE2-4B1A-A539-8A2730B2E6F7}.Debug|x64.ActiveCfg = Debug|Any CPU
		{CECDB48E-5DE2-4B1A-A539-8A2730B2E6F7}.Debug|x64.Build.0 = Debug|Any CPU
		{CECDB48E-5DE2-4B1A-A539-8A2730B2E6F7}.Debug|x86.ActiveCfg = Debug|Any CPU
		{CECDB48E-5DE2-4B1A-A539-8A2730B2E6F7}.Debug|x86.Build.0 = Debug|Any CPU
		{CECDB48E-5DE2-4B1A-A539-8A2730B2E6F7}.Release|Any CPU.ActiveCfg = Release|Any CPU
		{CECDB48E-5DE2-4B1A-A539-8A2730B2E6F7}.Release|Any CPU.Build.0 = Release|Any CPU
		{CECDB48E-5DE2-4B1A-A539-8A2730B2E6F7}.Release|x64.ActiveCfg = Release|Any CPU
		{CECDB48E-5DE2-4B1A-A539-8A2730B2E6F7}.Release|x64.Build.0 = Release|Any CPU
		{CECDB48E-5DE2-4B1A-A539-8A2730B2E6F7}.Release|x86.ActiveCfg = Release|Any CPU
		{CECDB48E-5DE2-4B1A-A539-8A2730B2E6F7}.Release|x86.Build.0 = Release|Any CPU
		{0AB3FF0E-61A7-437D-9D34-B3A594E71B19}.Debug|Any CPU.ActiveCfg = Debug|Any CPU
		{0AB3FF0E-61A7-437D-9D34-B3A594E71B19}.Debug|Any CPU.Build.0 = Debug|Any CPU
		{0AB3FF0E-61A7-437D-9D34-B3A594E71B19}.Debug|x64.ActiveCfg = Debug|Any CPU
		{0AB3FF0E-61A7-437D-9D34-B3A594E71B19}.Debug|x64.Build.0 = Debug|Any CPU
		{0AB3FF0E-61A7-437D-9D34-B3A594E71B19}.Debug|x86.ActiveCfg = Debug|Any CPU
		{0AB3FF0E-61A7-437D-9D34-B3A594E71B19}.Debug|x86.Build.0 = Debug|Any CPU
		{0AB3FF0E-61A7-437D-9D34-B3A594E71B19}.Release|Any CPU.ActiveCfg = Release|Any CPU
		{0AB3FF0E-61A7-437D-9D34-B3A594E71B19}.Release|Any CPU.Build.0 = Release|Any CPU
		{0AB3FF0E-61A7-437D-9D34-B3A594E71B19}.Release|x64.ActiveCfg = Release|Any CPU
		{0AB3FF0E-61A7-437D-9D34-B3A594E71B19}.Release|x64.Build.0 = Release|Any CPU
		{0AB3FF0E-61A7-437D-9D34-B3A594E71B19}.Release|x86.ActiveCfg = Release|Any CPU
		{0AB3FF0E-61A7-437D-9D34-B3A594E71B19}.Release|x86.Build.0 = Release|Any CPU
	EndGlobalSection
	GlobalSection(NestedProjects) = preSolution
		{3B3CD0C0-652A-4BB5-86DE-1F268CD9BFD7} = {851BFF8B-B848-4DA6-AF8B-CD093AD4A711}
		{5B849F66-5D75-4B0F-B847-FBC6E53F7F66} = {851BFF8B-B848-4DA6-AF8B-CD093AD4A711}
		{BD1E6B4B-81F3-4B38-8311-93B425C5A386} = {851BFF8B-B848-4DA6-AF8B-CD093AD4A711}
		{1BE5F25C-3030-4104-976E-EEE901B664D2} = {851BFF8B-B848-4DA6-AF8B-CD093AD4A711}
		{DB6F4D5C-4AEC-4388-8B12-D07ECE6242A9} = {4AF6B600-675F-461B-82E0-A9493FB3CC48}
		{B7A82265-9E58-431E-B2E6-55020ACADDBB} = {4AF6B600-675F-461B-82E0-A9493FB3CC48}
		{0AB3FF0E-61A7-437D-9D34-B3A594E71B19} = {851BFF8B-B848-4DA6-AF8B-CD093AD4A711}
	EndGlobalSection
EndGlobal
