
Microsoft Visual Studio Solution File, Format Version 12.00
# Visual Studio 15
VisualStudioVersion = 15.0.26124.0
MinimumVisualStudioVersion = 15.0.26124.0
Project("{FAE04EC0-301F-11D3-BF4B-00C04F79EFBC}") = "Sentinel.Api.Product", "Sentinel.Api.Product\Sentinel.Api.Product.csproj", "{0301FBFE-51FA-4953-B5AF-C6C407520D72}"
EndProject
Project("{2150E333-8FDC-42A3-9474-1A3956D46DE8}") = "Mercan", "Mercan", "{851BFF8B-B848-4DA6-AF8B-CD093AD4A711}"
EndProject
Project("{FAE04EC0-301F-11D3-BF4B-00C04F79EFBC}") = "Mercan.HealthChecks.Common", "Mercan\Mercan.HealthChecks.Common\Mercan.HealthChecks.Common.csproj", "{3B3CD0C0-652A-4BB5-86DE-1F268CD9BFD7}"
EndProject
Project("{FAE04EC0-301F-11D3-BF4B-00C04F79EFBC}") = "Mercan.Common", "Mercan\Mercan.Common\Mercan.Common.csproj", "{5B849F66-5D75-4B0F-B847-FBC6E53F7F66}"
EndProject
Project("{FAE04EC0-301F-11D3-BF4B-00C04F79EFBC}") = "Mercan.Common.Mongo", "Mercan\Mercan.Common.Mongo\Mercan.Common.Mongo.csproj", "{BD1E6B4B-81F3-4B38-8311-93B425C5A386}"
EndProject
Project("{FAE04EC0-301F-11D3-BF4B-00C04F79EFBC}") = "Mercan.Common.Mvc", "Mercan\Mercan.Common.Mvc\Mercan.Common.Mvc.csproj", "{1BE5F25C-3030-4104-976E-EEE901B664D2}"
EndProject
Project("{FAE04EC0-301F-11D3-BF4B-00C04F79EFBC}") = "Sentinel.Api.Comms", "Sentinel.Api.Comms\Sentinel.Api.Comms.csproj", "{5B2FB0EE-5A37-45C9-9025-B3664457A6DE}"
EndProject
Project("{FAE04EC0-301F-11D3-BF4B-00C04F79EFBC}") = "Sentinel.Api.Member", "Sentinel.Api.Member\Sentinel.Api.Member.csproj", "{447DDACA-75EE-494F-9BFE-5ADA5ABCA265}"
EndProject
Project("{2150E333-8FDC-42A3-9474-1A3956D46DE8}") = "Sentinel.Common", "Sentinel.Common", "{4AF6B600-675F-461B-82E0-A9493FB3CC48}"
EndProject
Project("{FAE04EC0-301F-11D3-BF4B-00C04F79EFBC}") = "Sentinel.Model", "Sentinel.Common\Sentinel.Model\Sentinel.Model.csproj", "{DB6F4D5C-4AEC-4388-8B12-D07ECE6242A9}"
EndProject
Project("{FAE04EC0-301F-11D3-BF4B-00C04F79EFBC}") = "Sentinel.Repos", "Sentinel.Common\Sentinel.Repos\Sentinel.Repos.csproj", "{B7A82265-9E58-431E-B2E6-55020ACADDBB}"
EndProject
Project("{FAE04EC0-301F-11D3-BF4B-00C04F79EFBC}") = "Sentinel.Handler.Comms", "Sentinel.Handler.Comms\Sentinel.Handler.Comms.csproj", "{916DAA64-209A-4E55-A27E-00444EB07C57}"
EndProject
Project("{FAE04EC0-301F-11D3-BF4B-00C04F79EFBC}") = "Sentinel.Handler.Product", "Sentinel.Handler.Product\Sentinel.Handler.Product.csproj", "{1B943CAF-3B02-4F90-A719-8ADE17371127}"
EndProject
Project("{FAE04EC0-301F-11D3-BF4B-00C04F79EFBC}") = "Sentinel.UI.Product", "Sentinel.UI.Product\Sentinel.UI.Product.csproj", "{5C4D0FFC-782A-4337-99D2-B9538D328126}"
EndProject
Project("{FAE04EC0-301F-11D3-BF4B-00C04F79EFBC}") = "Sentinel.UI.STS", "Sentinel.UI.STS\Sentinel.UI.STS.csproj", "{CECDB48E-5DE2-4B1A-A539-8A2730B2E6F7}"
EndProject
Project("{FAE04EC0-301F-11D3-BF4B-00C04F79EFBC}") = "Mercan.HealthChecks.Mongo", "Mercan\Mercan.HealthChecks.Mongo\Mercan.HealthChecks.Mongo.csproj", "{0AB3FF0E-61A7-437D-9D34-B3A594E71B19}"
EndProject
Project("{FAE04EC0-301F-11D3-BF4B-00C04F79EFBC}") = "Sentinel.Api.Comms.Tests", "Sentinel.Api.Comms.Tests\Sentinel.Api.Comms.Tests.csproj", "{CA133E2C-2541-4EB4-A208-227941EEF7D1}"
EndProject
Project("{FAE04EC0-301F-11D3-BF4B-00C04F79EFBC}") = "Mercan.Common.Mongo.Tests", "Mercan\Mercan.Common.Mongo.Tests\Mercan.Common.Mongo.Tests.csproj", "{FE5AB9F4-DCD5-4F70-87A1-960B4B4F66B2}"
EndProject
Project("{FAE04EC0-301F-11D3-BF4B-00C04F79EFBC}") = "Mercan.Common.Mvc.Tests", "Mercan\Mercan.Common.Mvc.Tests\Mercan.Common.Mvc.Tests.csproj", "{86FD322F-0EF4-459B-A258-CDD4EC400915}"
EndProject
Project("{FAE04EC0-301F-11D3-BF4B-00C04F79EFBC}") = "Mercan.HealthChecks.Common.Tests", "Mercan\Mercan.HealthChecks.Common.Tests\Mercan.HealthChecks.Common.Tests.csproj", "{3979DD70-58DF-4C5F-BC8A-A198C17B838F}"
EndProject
Project("{FAE04EC0-301F-11D3-BF4B-00C04F79EFBC}") = "Mercan.HealthChecks.Elasticsearch", "Mercan\Mercan.HealthChecks.Elasticsearch\Mercan.HealthChecks.Elasticsearch.csproj", "{0534EDB5-52AD-401B-B182-BE975A8B0968}"
EndProject
Project("{FAE04EC0-301F-11D3-BF4B-00C04F79EFBC}") = "Mercan.HealthChecks.Elasticsearch.Tests", "Mercan\Mercan.HealthChecks.Elasticsearch.Tests\Mercan.HealthChecks.Elasticsearch.Tests.csproj", "{D05E5961-72BC-4188-B2A5-6F726CB1B965}"
EndProject
Project("{FAE04EC0-301F-11D3-BF4B-00C04F79EFBC}") = "Mercan.HealthChecks.Mongo.Tests", "Mercan\Mercan.HealthChecks.Mongo.Tests\Mercan.HealthChecks.Mongo.Tests.csproj", "{D266FBF4-D795-4A34-8E01-5855687A0784}"
EndProject
Project("{FAE04EC0-301F-11D3-BF4B-00C04F79EFBC}") = "Mercan.HealthChecks.MySql", "Mercan\Mercan.HealthChecks.MySql\Mercan.HealthChecks.MySql.csproj", "{7B53994C-317F-404C-A698-2D8D19DC871D}"
EndProject
Project("{FAE04EC0-301F-11D3-BF4B-00C04F79EFBC}") = "Mercan.HealthChecks.MySql.Tests", "Mercan\Mercan.HealthChecks.MySql.Tests\Mercan.HealthChecks.MySql.Tests.csproj", "{08BC3C4D-2F23-4AAB-8FF4-39BDCD804346}"
EndProject
Project("{FAE04EC0-301F-11D3-BF4B-00C04F79EFBC}") = "Mercan.HealthChecks.Nats", "Mercan\Mercan.HealthChecks.Nats\Mercan.HealthChecks.Nats.csproj", "{C903AA5E-5B1D-460A-A50C-A860F13C29E1}"
EndProject
Project("{FAE04EC0-301F-11D3-BF4B-00C04F79EFBC}") = "Mercan.HealthChecks.Nats.Tests", "Mercan\Mercan.HealthChecks.Nats.Tests\Mercan.HealthChecks.Nats.Tests.csproj", "{E46AA2C3-05B2-44D5-ACFA-8E03661B1270}"
EndProject
Project("{FAE04EC0-301F-11D3-BF4B-00C04F79EFBC}") = "Mercan.HealthChecks.Network", "Mercan\Mercan.HealthChecks.Network\Mercan.HealthChecks.Network.csproj", "{41ADAFCC-A227-483D-9B5B-0E5AE851C72D}"
EndProject
Project("{FAE04EC0-301F-11D3-BF4B-00C04F79EFBC}") = "Mercan.HealthChecks.Network.Tests", "Mercan\Mercan.HealthChecks.Network.Tests\Mercan.HealthChecks.Network.Tests.csproj", "{55B69987-0D21-4EF6-8A3A-21F417065F96}"
EndProject
Project("{FAE04EC0-301F-11D3-BF4B-00C04F79EFBC}") = "Mercan.HealthChecks.RabbitMQ", "Mercan\Mercan.HealthChecks.RabbitMQ\Mercan.HealthChecks.RabbitMQ.csproj", "{24E237A4-3675-45F1-AE8C-0CCAE5B294BB}"
EndProject
Project("{FAE04EC0-301F-11D3-BF4B-00C04F79EFBC}") = "Mercan.HealthChecks.RabbitMQ.Tests", "Mercan\Mercan.HealthChecks.RabbitMQ.Tests\Mercan.HealthChecks.RabbitMQ.Tests.csproj", "{1D6D535A-52E4-4D35-B678-328953BEC5C2}"
EndProject
Project("{FAE04EC0-301F-11D3-BF4B-00C04F79EFBC}") = "Mercan.HealthChecks.Redis", "Mercan\Mercan.HealthChecks.Redis\Mercan.HealthChecks.Redis.csproj", "{1EFF51DA-0BCC-41F8-96C5-67B49167C57F}"
EndProject
Project("{FAE04EC0-301F-11D3-BF4B-00C04F79EFBC}") = "Mercan.HealthChecks.Redis.Tests", "Mercan\Mercan.HealthChecks.Redis.Tests\Mercan.HealthChecks.Redis.Tests.csproj", "{04499193-D21B-459A-8091-4FD54EA478B0}"
EndProject
Project("{FAE04EC0-301F-11D3-BF4B-00C04F79EFBC}") = "Sentinel.Api.Billing", "Sentinel.Api.Billing\Sentinel.Api.Billing.csproj", "{B511956B-A912-464B-BE7A-AF1377AE3249}"
EndProject
Project("{FAE04EC0-301F-11D3-BF4B-00C04F79EFBC}") = "Sentinel.Api.Billing.Tests", "Sentinel.Api.Billing.Tests\Sentinel.Api.Billing.Tests.csproj", "{1894FB54-7D8F-4B41-A2C1-7D48541CC66D}"
EndProject
Project("{FAE04EC0-301F-11D3-BF4B-00C04F79EFBC}") = "Sentinel.Api.HealthMonitoring.Tests", "Sentinel.Api.HealthMonitoring.Tests\Sentinel.Api.HealthMonitoring.Tests.csproj", "{D07B857C-ABA2-47A8-AF69-58B8CED4D87D}"
EndProject
Project("{FAE04EC0-301F-11D3-BF4B-00C04F79EFBC}") = "Sentinel.Api.Member.Tests", "Sentinel.Api.Member.Tests\Sentinel.Api.Member.Tests.csproj", "{5029C123-C354-4C03-9BF0-3100948875C9}"
EndProject
Project("{FAE04EC0-301F-11D3-BF4B-00C04F79EFBC}") = "Sentinel.Api.Product.Tests", "Sentinel.Api.Product.Tests\Sentinel.Api.Product.Tests.csproj", "{B244BC57-5B92-4071-A42C-A0030812D03A}"
EndProject
Project("{FAE04EC0-301F-11D3-BF4B-00C04F79EFBC}") = "Sentinel.Api.Scheduler.Tests", "Sentinel.Api.Scheduler.Tests\Sentinel.Api.Scheduler.Tests.csproj", "{55CAC246-C6BB-4327-A709-C49197EBC3F4}"
EndProject
Project("{FAE04EC0-301F-11D3-BF4B-00C04F79EFBC}") = "Sentinel.Api.Shipping.Tests", "Sentinel.Api.Shipping.Tests\Sentinel.Api.Shipping.Tests.csproj", "{F21F667F-ACDB-4E55-9417-4E54ED76ED5C}"
EndProject
Global
	GlobalSection(SolutionConfigurationPlatforms) = preSolution
		Debug|Any CPU = Debug|Any CPU
		Debug|x64 = Debug|x64
		Debug|x86 = Debug|x86
		Release|Any CPU = Release|Any CPU
		Release|x64 = Release|x64
		Release|x86 = Release|x86
	EndGlobalSection
	GlobalSection(SolutionProperties) = preSolution
		HideSolutionNode = FALSE
	EndGlobalSection
	GlobalSection(ProjectConfigurationPlatforms) = postSolution
		{0301FBFE-51FA-4953-B5AF-C6C407520D72}.Debug|Any CPU.ActiveCfg = Debug|Any CPU
		{0301FBFE-51FA-4953-B5AF-C6C407520D72}.Debug|Any CPU.Build.0 = Debug|Any CPU
		{0301FBFE-51FA-4953-B5AF-C6C407520D72}.Debug|x64.ActiveCfg = Debug|Any CPU
		{0301FBFE-51FA-4953-B5AF-C6C407520D72}.Debug|x64.Build.0 = Debug|Any CPU
		{0301FBFE-51FA-4953-B5AF-C6C407520D72}.Debug|x86.ActiveCfg = Debug|Any CPU
		{0301FBFE-51FA-4953-B5AF-C6C407520D72}.Debug|x86.Build.0 = Debug|Any CPU
		{0301FBFE-51FA-4953-B5AF-C6C407520D72}.Release|Any CPU.ActiveCfg = Release|Any CPU
		{0301FBFE-51FA-4953-B5AF-C6C407520D72}.Release|Any CPU.Build.0 = Release|Any CPU
		{0301FBFE-51FA-4953-B5AF-C6C407520D72}.Release|x64.ActiveCfg = Release|Any CPU
		{0301FBFE-51FA-4953-B5AF-C6C407520D72}.Release|x64.Build.0 = Release|Any CPU
		{0301FBFE-51FA-4953-B5AF-C6C407520D72}.Release|x86.ActiveCfg = Release|Any CPU
		{0301FBFE-51FA-4953-B5AF-C6C407520D72}.Release|x86.Build.0 = Release|Any CPU
		{3B3CD0C0-652A-4BB5-86DE-1F268CD9BFD7}.Debug|Any CPU.ActiveCfg = Debug|Any CPU
		{3B3CD0C0-652A-4BB5-86DE-1F268CD9BFD7}.Debug|Any CPU.Build.0 = Debug|Any CPU
		{3B3CD0C0-652A-4BB5-86DE-1F268CD9BFD7}.Debug|x64.ActiveCfg = Debug|Any CPU
		{3B3CD0C0-652A-4BB5-86DE-1F268CD9BFD7}.Debug|x64.Build.0 = Debug|Any CPU
		{3B3CD0C0-652A-4BB5-86DE-1F268CD9BFD7}.Debug|x86.ActiveCfg = Debug|Any CPU
		{3B3CD0C0-652A-4BB5-86DE-1F268CD9BFD7}.Debug|x86.Build.0 = Debug|Any CPU
		{3B3CD0C0-652A-4BB5-86DE-1F268CD9BFD7}.Release|Any CPU.ActiveCfg = Release|Any CPU
		{3B3CD0C0-652A-4BB5-86DE-1F268CD9BFD7}.Release|Any CPU.Build.0 = Release|Any CPU
		{3B3CD0C0-652A-4BB5-86DE-1F268CD9BFD7}.Release|x64.ActiveCfg = Release|Any CPU
		{3B3CD0C0-652A-4BB5-86DE-1F268CD9BFD7}.Release|x64.Build.0 = Release|Any CPU
		{3B3CD0C0-652A-4BB5-86DE-1F268CD9BFD7}.Release|x86.ActiveCfg = Release|Any CPU
		{3B3CD0C0-652A-4BB5-86DE-1F268CD9BFD7}.Release|x86.Build.0 = Release|Any CPU
		{5B849F66-5D75-4B0F-B847-FBC6E53F7F66}.Debug|Any CPU.ActiveCfg = Debug|Any CPU
		{5B849F66-5D75-4B0F-B847-FBC6E53F7F66}.Debug|Any CPU.Build.0 = Debug|Any CPU
		{5B849F66-5D75-4B0F-B847-FBC6E53F7F66}.Debug|x64.ActiveCfg = Debug|Any CPU
		{5B849F66-5D75-4B0F-B847-FBC6E53F7F66}.Debug|x64.Build.0 = Debug|Any CPU
		{5B849F66-5D75-4B0F-B847-FBC6E53F7F66}.Debug|x86.ActiveCfg = Debug|Any CPU
		{5B849F66-5D75-4B0F-B847-FBC6E53F7F66}.Debug|x86.Build.0 = Debug|Any CPU
		{5B849F66-5D75-4B0F-B847-FBC6E53F7F66}.Release|Any CPU.ActiveCfg = Release|Any CPU
		{5B849F66-5D75-4B0F-B847-FBC6E53F7F66}.Release|Any CPU.Build.0 = Release|Any CPU
		{5B849F66-5D75-4B0F-B847-FBC6E53F7F66}.Release|x64.ActiveCfg = Release|Any CPU
		{5B849F66-5D75-4B0F-B847-FBC6E53F7F66}.Release|x64.Build.0 = Release|Any CPU
		{5B849F66-5D75-4B0F-B847-FBC6E53F7F66}.Release|x86.ActiveCfg = Release|Any CPU
		{5B849F66-5D75-4B0F-B847-FBC6E53F7F66}.Release|x86.Build.0 = Release|Any CPU
		{BD1E6B4B-81F3-4B38-8311-93B425C5A386}.Debug|Any CPU.ActiveCfg = Debug|Any CPU
		{BD1E6B4B-81F3-4B38-8311-93B425C5A386}.Debug|Any CPU.Build.0 = Debug|Any CPU
		{BD1E6B4B-81F3-4B38-8311-93B425C5A386}.Debug|x64.ActiveCfg = Debug|Any CPU
		{BD1E6B4B-81F3-4B38-8311-93B425C5A386}.Debug|x64.Build.0 = Debug|Any CPU
		{BD1E6B4B-81F3-4B38-8311-93B425C5A386}.Debug|x86.ActiveCfg = Debug|Any CPU
		{BD1E6B4B-81F3-4B38-8311-93B425C5A386}.Debug|x86.Build.0 = Debug|Any CPU
		{BD1E6B4B-81F3-4B38-8311-93B425C5A386}.Release|Any CPU.ActiveCfg = Release|Any CPU
		{BD1E6B4B-81F3-4B38-8311-93B425C5A386}.Release|Any CPU.Build.0 = Release|Any CPU
		{BD1E6B4B-81F3-4B38-8311-93B425C5A386}.Release|x64.ActiveCfg = Release|Any CPU
		{BD1E6B4B-81F3-4B38-8311-93B425C5A386}.Release|x64.Build.0 = Release|Any CPU
		{BD1E6B4B-81F3-4B38-8311-93B425C5A386}.Release|x86.ActiveCfg = Release|Any CPU
		{BD1E6B4B-81F3-4B38-8311-93B425C5A386}.Release|x86.Build.0 = Release|Any CPU
		{1BE5F25C-3030-4104-976E-EEE901B664D2}.Debug|Any CPU.ActiveCfg = Debug|Any CPU
		{1BE5F25C-3030-4104-976E-EEE901B664D2}.Debug|Any CPU.Build.0 = Debug|Any CPU
		{1BE5F25C-3030-4104-976E-EEE901B664D2}.Debug|x64.ActiveCfg = Debug|Any CPU
		{1BE5F25C-3030-4104-976E-EEE901B664D2}.Debug|x64.Build.0 = Debug|Any CPU
		{1BE5F25C-3030-4104-976E-EEE901B664D2}.Debug|x86.ActiveCfg = Debug|Any CPU
		{1BE5F25C-3030-4104-976E-EEE901B664D2}.Debug|x86.Build.0 = Debug|Any CPU
		{1BE5F25C-3030-4104-976E-EEE901B664D2}.Release|Any CPU.ActiveCfg = Release|Any CPU
		{1BE5F25C-3030-4104-976E-EEE901B664D2}.Release|Any CPU.Build.0 = Release|Any CPU
		{1BE5F25C-3030-4104-976E-EEE901B664D2}.Release|x64.ActiveCfg = Release|Any CPU
		{1BE5F25C-3030-4104-976E-EEE901B664D2}.Release|x64.Build.0 = Release|Any CPU
		{1BE5F25C-3030-4104-976E-EEE901B664D2}.Release|x86.ActiveCfg = Release|Any CPU
		{1BE5F25C-3030-4104-976E-EEE901B664D2}.Release|x86.Build.0 = Release|Any CPU
		{5B2FB0EE-5A37-45C9-9025-B3664457A6DE}.Debug|Any CPU.ActiveCfg = Debug|Any CPU
		{5B2FB0EE-5A37-45C9-9025-B3664457A6DE}.Debug|Any CPU.Build.0 = Debug|Any CPU
		{5B2FB0EE-5A37-45C9-9025-B3664457A6DE}.Debug|x64.ActiveCfg = Debug|Any CPU
		{5B2FB0EE-5A37-45C9-9025-B3664457A6DE}.Debug|x64.Build.0 = Debug|Any CPU
		{5B2FB0EE-5A37-45C9-9025-B3664457A6DE}.Debug|x86.ActiveCfg = Debug|Any CPU
		{5B2FB0EE-5A37-45C9-9025-B3664457A6DE}.Debug|x86.Build.0 = Debug|Any CPU
		{5B2FB0EE-5A37-45C9-9025-B3664457A6DE}.Release|Any CPU.ActiveCfg = Release|Any CPU
		{5B2FB0EE-5A37-45C9-9025-B3664457A6DE}.Release|Any CPU.Build.0 = Release|Any CPU
		{5B2FB0EE-5A37-45C9-9025-B3664457A6DE}.Release|x64.ActiveCfg = Release|Any CPU
		{5B2FB0EE-5A37-45C9-9025-B3664457A6DE}.Release|x64.Build.0 = Release|Any CPU
		{5B2FB0EE-5A37-45C9-9025-B3664457A6DE}.Release|x86.ActiveCfg = Release|Any CPU
		{5B2FB0EE-5A37-45C9-9025-B3664457A6DE}.Release|x86.Build.0 = Release|Any CPU
		{447DDACA-75EE-494F-9BFE-5ADA5ABCA265}.Debug|Any CPU.ActiveCfg = Debug|Any CPU
		{447DDACA-75EE-494F-9BFE-5ADA5ABCA265}.Debug|Any CPU.Build.0 = Debug|Any CPU
		{447DDACA-75EE-494F-9BFE-5ADA5ABCA265}.Debug|x64.ActiveCfg = Debug|Any CPU
		{447DDACA-75EE-494F-9BFE-5ADA5ABCA265}.Debug|x64.Build.0 = Debug|Any CPU
		{447DDACA-75EE-494F-9BFE-5ADA5ABCA265}.Debug|x86.ActiveCfg = Debug|Any CPU
		{447DDACA-75EE-494F-9BFE-5ADA5ABCA265}.Debug|x86.Build.0 = Debug|Any CPU
		{447DDACA-75EE-494F-9BFE-5ADA5ABCA265}.Release|Any CPU.ActiveCfg = Release|Any CPU
		{447DDACA-75EE-494F-9BFE-5ADA5ABCA265}.Release|Any CPU.Build.0 = Release|Any CPU
		{447DDACA-75EE-494F-9BFE-5ADA5ABCA265}.Release|x64.ActiveCfg = Release|Any CPU
		{447DDACA-75EE-494F-9BFE-5ADA5ABCA265}.Release|x64.Build.0 = Release|Any CPU
		{447DDACA-75EE-494F-9BFE-5ADA5ABCA265}.Release|x86.ActiveCfg = Release|Any CPU
		{447DDACA-75EE-494F-9BFE-5ADA5ABCA265}.Release|x86.Build.0 = Release|Any CPU
		{DB6F4D5C-4AEC-4388-8B12-D07ECE6242A9}.Debug|Any CPU.ActiveCfg = Debug|Any CPU
		{DB6F4D5C-4AEC-4388-8B12-D07ECE6242A9}.Debug|Any CPU.Build.0 = Debug|Any CPU
		{DB6F4D5C-4AEC-4388-8B12-D07ECE6242A9}.Debug|x64.ActiveCfg = Debug|Any CPU
		{DB6F4D5C-4AEC-4388-8B12-D07ECE6242A9}.Debug|x64.Build.0 = Debug|Any CPU
		{DB6F4D5C-4AEC-4388-8B12-D07ECE6242A9}.Debug|x86.ActiveCfg = Debug|Any CPU
		{DB6F4D5C-4AEC-4388-8B12-D07ECE6242A9}.Debug|x86.Build.0 = Debug|Any CPU
		{DB6F4D5C-4AEC-4388-8B12-D07ECE6242A9}.Release|Any CPU.ActiveCfg = Release|Any CPU
		{DB6F4D5C-4AEC-4388-8B12-D07ECE6242A9}.Release|Any CPU.Build.0 = Release|Any CPU
		{DB6F4D5C-4AEC-4388-8B12-D07ECE6242A9}.Release|x64.ActiveCfg = Release|Any CPU
		{DB6F4D5C-4AEC-4388-8B12-D07ECE6242A9}.Release|x64.Build.0 = Release|Any CPU
		{DB6F4D5C-4AEC-4388-8B12-D07ECE6242A9}.Release|x86.ActiveCfg = Release|Any CPU
		{DB6F4D5C-4AEC-4388-8B12-D07ECE6242A9}.Release|x86.Build.0 = Release|Any CPU
		{B7A82265-9E58-431E-B2E6-55020ACADDBB}.Debug|Any CPU.ActiveCfg = Debug|Any CPU
		{B7A82265-9E58-431E-B2E6-55020ACADDBB}.Debug|Any CPU.Build.0 = Debug|Any CPU
		{B7A82265-9E58-431E-B2E6-55020ACADDBB}.Debug|x64.ActiveCfg = Debug|Any CPU
		{B7A82265-9E58-431E-B2E6-55020ACADDBB}.Debug|x64.Build.0 = Debug|Any CPU
		{B7A82265-9E58-431E-B2E6-55020ACADDBB}.Debug|x86.ActiveCfg = Debug|Any CPU
		{B7A82265-9E58-431E-B2E6-55020ACADDBB}.Debug|x86.Build.0 = Debug|Any CPU
		{B7A82265-9E58-431E-B2E6-55020ACADDBB}.Release|Any CPU.ActiveCfg = Release|Any CPU
		{B7A82265-9E58-431E-B2E6-55020ACADDBB}.Release|Any CPU.Build.0 = Release|Any CPU
		{B7A82265-9E58-431E-B2E6-55020ACADDBB}.Release|x64.ActiveCfg = Release|Any CPU
		{B7A82265-9E58-431E-B2E6-55020ACADDBB}.Release|x64.Build.0 = Release|Any CPU
		{B7A82265-9E58-431E-B2E6-55020ACADDBB}.Release|x86.ActiveCfg = Release|Any CPU
		{B7A82265-9E58-431E-B2E6-55020ACADDBB}.Release|x86.Build.0 = Release|Any CPU
		{916DAA64-209A-4E55-A27E-00444EB07C57}.Debug|Any CPU.ActiveCfg = Debug|Any CPU
		{916DAA64-209A-4E55-A27E-00444EB07C57}.Debug|Any CPU.Build.0 = Debug|Any CPU
		{916DAA64-209A-4E55-A27E-00444EB07C57}.Debug|x64.ActiveCfg = Debug|Any CPU
		{916DAA64-209A-4E55-A27E-00444EB07C57}.Debug|x64.Build.0 = Debug|Any CPU
		{916DAA64-209A-4E55-A27E-00444EB07C57}.Debug|x86.ActiveCfg = Debug|Any CPU
		{916DAA64-209A-4E55-A27E-00444EB07C57}.Debug|x86.Build.0 = Debug|Any CPU
		{916DAA64-209A-4E55-A27E-00444EB07C57}.Release|Any CPU.ActiveCfg = Release|Any CPU
		{916DAA64-209A-4E55-A27E-00444EB07C57}.Release|Any CPU.Build.0 = Release|Any CPU
		{916DAA64-209A-4E55-A27E-00444EB07C57}.Release|x64.ActiveCfg = Release|Any CPU
		{916DAA64-209A-4E55-A27E-00444EB07C57}.Release|x64.Build.0 = Release|Any CPU
		{916DAA64-209A-4E55-A27E-00444EB07C57}.Release|x86.ActiveCfg = Release|Any CPU
		{916DAA64-209A-4E55-A27E-00444EB07C57}.Release|x86.Build.0 = Release|Any CPU
		{1B943CAF-3B02-4F90-A719-8ADE17371127}.Debug|Any CPU.ActiveCfg = Debug|Any CPU
		{1B943CAF-3B02-4F90-A719-8ADE17371127}.Debug|Any CPU.Build.0 = Debug|Any CPU
		{1B943CAF-3B02-4F90-A719-8ADE17371127}.Debug|x64.ActiveCfg = Debug|Any CPU
		{1B943CAF-3B02-4F90-A719-8ADE17371127}.Debug|x64.Build.0 = Debug|Any CPU
		{1B943CAF-3B02-4F90-A719-8ADE17371127}.Debug|x86.ActiveCfg = Debug|Any CPU
		{1B943CAF-3B02-4F90-A719-8ADE17371127}.Debug|x86.Build.0 = Debug|Any CPU
		{1B943CAF-3B02-4F90-A719-8ADE17371127}.Release|Any CPU.ActiveCfg = Release|Any CPU
		{1B943CAF-3B02-4F90-A719-8ADE17371127}.Release|Any CPU.Build.0 = Release|Any CPU
		{1B943CAF-3B02-4F90-A719-8ADE17371127}.Release|x64.ActiveCfg = Release|Any CPU
		{1B943CAF-3B02-4F90-A719-8ADE17371127}.Release|x64.Build.0 = Release|Any CPU
		{1B943CAF-3B02-4F90-A719-8ADE17371127}.Release|x86.ActiveCfg = Release|Any CPU
		{1B943CAF-3B02-4F90-A719-8ADE17371127}.Release|x86.Build.0 = Release|Any CPU
		{5C4D0FFC-782A-4337-99D2-B9538D328126}.Debug|Any CPU.ActiveCfg = Debug|Any CPU
		{5C4D0FFC-782A-4337-99D2-B9538D328126}.Debug|Any CPU.Build.0 = Debug|Any CPU
		{5C4D0FFC-782A-4337-99D2-B9538D328126}.Debug|x64.ActiveCfg = Debug|Any CPU
		{5C4D0FFC-782A-4337-99D2-B9538D328126}.Debug|x64.Build.0 = Debug|Any CPU
		{5C4D0FFC-782A-4337-99D2-B9538D328126}.Debug|x86.ActiveCfg = Debug|Any CPU
		{5C4D0FFC-782A-4337-99D2-B9538D328126}.Debug|x86.Build.0 = Debug|Any CPU
		{5C4D0FFC-782A-4337-99D2-B9538D328126}.Release|Any CPU.ActiveCfg = Release|Any CPU
		{5C4D0FFC-782A-4337-99D2-B9538D328126}.Release|Any CPU.Build.0 = Release|Any CPU
		{5C4D0FFC-782A-4337-99D2-B9538D328126}.Release|x64.ActiveCfg = Release|Any CPU
		{5C4D0FFC-782A-4337-99D2-B9538D328126}.Release|x64.Build.0 = Release|Any CPU
		{5C4D0FFC-782A-4337-99D2-B9538D328126}.Release|x86.ActiveCfg = Release|Any CPU
		{5C4D0FFC-782A-4337-99D2-B9538D328126}.Release|x86.Build.0 = Release|Any CPU
		{CECDB48E-5DE2-4B1A-A539-8A2730B2E6F7}.Debug|Any CPU.ActiveCfg = Debug|Any CPU
		{CECDB48E-5DE2-4B1A-A539-8A2730B2E6F7}.Debug|Any CPU.Build.0 = Debug|Any CPU
		{CECDB48E-5DE2-4B1A-A539-8A2730B2E6F7}.Debug|x64.ActiveCfg = Debug|Any CPU
		{CECDB48E-5DE2-4B1A-A539-8A2730B2E6F7}.Debug|x64.Build.0 = Debug|Any CPU
		{CECDB48E-5DE2-4B1A-A539-8A2730B2E6F7}.Debug|x86.ActiveCfg = Debug|Any CPU
		{CECDB48E-5DE2-4B1A-A539-8A2730B2E6F7}.Debug|x86.Build.0 = Debug|Any CPU
		{CECDB48E-5DE2-4B1A-A539-8A2730B2E6F7}.Release|Any CPU.ActiveCfg = Release|Any CPU
		{CECDB48E-5DE2-4B1A-A539-8A2730B2E6F7}.Release|Any CPU.Build.0 = Release|Any CPU
		{CECDB48E-5DE2-4B1A-A539-8A2730B2E6F7}.Release|x64.ActiveCfg = Release|Any CPU
		{CECDB48E-5DE2-4B1A-A539-8A2730B2E6F7}.Release|x64.Build.0 = Release|Any CPU
		{CECDB48E-5DE2-4B1A-A539-8A2730B2E6F7}.Release|x86.ActiveCfg = Release|Any CPU
		{CECDB48E-5DE2-4B1A-A539-8A2730B2E6F7}.Release|x86.Build.0 = Release|Any CPU
		{0AB3FF0E-61A7-437D-9D34-B3A594E71B19}.Debug|Any CPU.ActiveCfg = Debug|Any CPU
		{0AB3FF0E-61A7-437D-9D34-B3A594E71B19}.Debug|Any CPU.Build.0 = Debug|Any CPU
		{0AB3FF0E-61A7-437D-9D34-B3A594E71B19}.Debug|x64.ActiveCfg = Debug|Any CPU
		{0AB3FF0E-61A7-437D-9D34-B3A594E71B19}.Debug|x64.Build.0 = Debug|Any CPU
		{0AB3FF0E-61A7-437D-9D34-B3A594E71B19}.Debug|x86.ActiveCfg = Debug|Any CPU
		{0AB3FF0E-61A7-437D-9D34-B3A594E71B19}.Debug|x86.Build.0 = Debug|Any CPU
		{0AB3FF0E-61A7-437D-9D34-B3A594E71B19}.Release|Any CPU.ActiveCfg = Release|Any CPU
		{0AB3FF0E-61A7-437D-9D34-B3A594E71B19}.Release|Any CPU.Build.0 = Release|Any CPU
		{0AB3FF0E-61A7-437D-9D34-B3A594E71B19}.Release|x64.ActiveCfg = Release|Any CPU
		{0AB3FF0E-61A7-437D-9D34-B3A594E71B19}.Release|x64.Build.0 = Release|Any CPU
		{0AB3FF0E-61A7-437D-9D34-B3A594E71B19}.Release|x86.ActiveCfg = Release|Any CPU
		{0AB3FF0E-61A7-437D-9D34-B3A594E71B19}.Release|x86.Build.0 = Release|Any CPU
		{CA133E2C-2541-4EB4-A208-227941EEF7D1}.Debug|Any CPU.ActiveCfg = Debug|Any CPU
		{CA133E2C-2541-4EB4-A208-227941EEF7D1}.Debug|Any CPU.Build.0 = Debug|Any CPU
		{CA133E2C-2541-4EB4-A208-227941EEF7D1}.Debug|x64.ActiveCfg = Debug|Any CPU
		{CA133E2C-2541-4EB4-A208-227941EEF7D1}.Debug|x64.Build.0 = Debug|Any CPU
		{CA133E2C-2541-4EB4-A208-227941EEF7D1}.Debug|x86.ActiveCfg = Debug|Any CPU
		{CA133E2C-2541-4EB4-A208-227941EEF7D1}.Debug|x86.Build.0 = Debug|Any CPU
		{CA133E2C-2541-4EB4-A208-227941EEF7D1}.Release|Any CPU.ActiveCfg = Release|Any CPU
		{CA133E2C-2541-4EB4-A208-227941EEF7D1}.Release|Any CPU.Build.0 = Release|Any CPU
		{CA133E2C-2541-4EB4-A208-227941EEF7D1}.Release|x64.ActiveCfg = Release|Any CPU
		{CA133E2C-2541-4EB4-A208-227941EEF7D1}.Release|x64.Build.0 = Release|Any CPU
		{CA133E2C-2541-4EB4-A208-227941EEF7D1}.Release|x86.ActiveCfg = Release|Any CPU
		{CA133E2C-2541-4EB4-A208-227941EEF7D1}.Release|x86.Build.0 = Release|Any CPU
		{FE5AB9F4-DCD5-4F70-87A1-960B4B4F66B2}.Debug|Any CPU.ActiveCfg = Debug|Any CPU
		{FE5AB9F4-DCD5-4F70-87A1-960B4B4F66B2}.Debug|Any CPU.Build.0 = Debug|Any CPU
		{FE5AB9F4-DCD5-4F70-87A1-960B4B4F66B2}.Debug|x64.ActiveCfg = Debug|Any CPU
		{FE5AB9F4-DCD5-4F70-87A1-960B4B4F66B2}.Debug|x64.Build.0 = Debug|Any CPU
		{FE5AB9F4-DCD5-4F70-87A1-960B4B4F66B2}.Debug|x86.ActiveCfg = Debug|Any CPU
		{FE5AB9F4-DCD5-4F70-87A1-960B4B4F66B2}.Debug|x86.Build.0 = Debug|Any CPU
		{FE5AB9F4-DCD5-4F70-87A1-960B4B4F66B2}.Release|Any CPU.ActiveCfg = Release|Any CPU
		{FE5AB9F4-DCD5-4F70-87A1-960B4B4F66B2}.Release|Any CPU.Build.0 = Release|Any CPU
		{FE5AB9F4-DCD5-4F70-87A1-960B4B4F66B2}.Release|x64.ActiveCfg = Release|Any CPU
		{FE5AB9F4-DCD5-4F70-87A1-960B4B4F66B2}.Release|x64.Build.0 = Release|Any CPU
		{FE5AB9F4-DCD5-4F70-87A1-960B4B4F66B2}.Release|x86.ActiveCfg = Release|Any CPU
		{FE5AB9F4-DCD5-4F70-87A1-960B4B4F66B2}.Release|x86.Build.0 = Release|Any CPU
		{86FD322F-0EF4-459B-A258-CDD4EC400915}.Debug|Any CPU.ActiveCfg = Debug|Any CPU
		{86FD322F-0EF4-459B-A258-CDD4EC400915}.Debug|Any CPU.Build.0 = Debug|Any CPU
		{86FD322F-0EF4-459B-A258-CDD4EC400915}.Debug|x64.ActiveCfg = Debug|Any CPU
		{86FD322F-0EF4-459B-A258-CDD4EC400915}.Debug|x64.Build.0 = Debug|Any CPU
		{86FD322F-0EF4-459B-A258-CDD4EC400915}.Debug|x86.ActiveCfg = Debug|Any CPU
		{86FD322F-0EF4-459B-A258-CDD4EC400915}.Debug|x86.Build.0 = Debug|Any CPU
		{86FD322F-0EF4-459B-A258-CDD4EC400915}.Release|Any CPU.ActiveCfg = Release|Any CPU
		{86FD322F-0EF4-459B-A258-CDD4EC400915}.Release|Any CPU.Build.0 = Release|Any CPU
		{86FD322F-0EF4-459B-A258-CDD4EC400915}.Release|x64.ActiveCfg = Release|Any CPU
		{86FD322F-0EF4-459B-A258-CDD4EC400915}.Release|x64.Build.0 = Release|Any CPU
		{86FD322F-0EF4-459B-A258-CDD4EC400915}.Release|x86.ActiveCfg = Release|Any CPU
		{86FD322F-0EF4-459B-A258-CDD4EC400915}.Release|x86.Build.0 = Release|Any CPU
		{3979DD70-58DF-4C5F-BC8A-A198C17B838F}.Debug|Any CPU.ActiveCfg = Debug|Any CPU
		{3979DD70-58DF-4C5F-BC8A-A198C17B838F}.Debug|Any CPU.Build.0 = Debug|Any CPU
		{3979DD70-58DF-4C5F-BC8A-A198C17B838F}.Debug|x64.ActiveCfg = Debug|Any CPU
		{3979DD70-58DF-4C5F-BC8A-A198C17B838F}.Debug|x64.Build.0 = Debug|Any CPU
		{3979DD70-58DF-4C5F-BC8A-A198C17B838F}.Debug|x86.ActiveCfg = Debug|Any CPU
		{3979DD70-58DF-4C5F-BC8A-A198C17B838F}.Debug|x86.Build.0 = Debug|Any CPU
		{3979DD70-58DF-4C5F-BC8A-A198C17B838F}.Release|Any CPU.ActiveCfg = Release|Any CPU
		{3979DD70-58DF-4C5F-BC8A-A198C17B838F}.Release|Any CPU.Build.0 = Release|Any CPU
		{3979DD70-58DF-4C5F-BC8A-A198C17B838F}.Release|x64.ActiveCfg = Release|Any CPU
		{3979DD70-58DF-4C5F-BC8A-A198C17B838F}.Release|x64.Build.0 = Release|Any CPU
		{3979DD70-58DF-4C5F-BC8A-A198C17B838F}.Release|x86.ActiveCfg = Release|Any CPU
		{3979DD70-58DF-4C5F-BC8A-A198C17B838F}.Release|x86.Build.0 = Release|Any CPU
		{0534EDB5-52AD-401B-B182-BE975A8B0968}.Debug|Any CPU.ActiveCfg = Debug|Any CPU
		{0534EDB5-52AD-401B-B182-BE975A8B0968}.Debug|Any CPU.Build.0 = Debug|Any CPU
		{0534EDB5-52AD-401B-B182-BE975A8B0968}.Debug|x64.ActiveCfg = Debug|Any CPU
		{0534EDB5-52AD-401B-B182-BE975A8B0968}.Debug|x64.Build.0 = Debug|Any CPU
		{0534EDB5-52AD-401B-B182-BE975A8B0968}.Debug|x86.ActiveCfg = Debug|Any CPU
		{0534EDB5-52AD-401B-B182-BE975A8B0968}.Debug|x86.Build.0 = Debug|Any CPU
		{0534EDB5-52AD-401B-B182-BE975A8B0968}.Release|Any CPU.ActiveCfg = Release|Any CPU
		{0534EDB5-52AD-401B-B182-BE975A8B0968}.Release|Any CPU.Build.0 = Release|Any CPU
		{0534EDB5-52AD-401B-B182-BE975A8B0968}.Release|x64.ActiveCfg = Release|Any CPU
		{0534EDB5-52AD-401B-B182-BE975A8B0968}.Release|x64.Build.0 = Release|Any CPU
		{0534EDB5-52AD-401B-B182-BE975A8B0968}.Release|x86.ActiveCfg = Release|Any CPU
		{0534EDB5-52AD-401B-B182-BE975A8B0968}.Release|x86.Build.0 = Release|Any CPU
		{D05E5961-72BC-4188-B2A5-6F726CB1B965}.Debug|Any CPU.ActiveCfg = Debug|Any CPU
		{D05E5961-72BC-4188-B2A5-6F726CB1B965}.Debug|Any CPU.Build.0 = Debug|Any CPU
		{D05E5961-72BC-4188-B2A5-6F726CB1B965}.Debug|x64.ActiveCfg = Debug|Any CPU
		{D05E5961-72BC-4188-B2A5-6F726CB1B965}.Debug|x64.Build.0 = Debug|Any CPU
		{D05E5961-72BC-4188-B2A5-6F726CB1B965}.Debug|x86.ActiveCfg = Debug|Any CPU
		{D05E5961-72BC-4188-B2A5-6F726CB1B965}.Debug|x86.Build.0 = Debug|Any CPU
		{D05E5961-72BC-4188-B2A5-6F726CB1B965}.Release|Any CPU.ActiveCfg = Release|Any CPU
		{D05E5961-72BC-4188-B2A5-6F726CB1B965}.Release|Any CPU.Build.0 = Release|Any CPU
		{D05E5961-72BC-4188-B2A5-6F726CB1B965}.Release|x64.ActiveCfg = Release|Any CPU
		{D05E5961-72BC-4188-B2A5-6F726CB1B965}.Release|x64.Build.0 = Release|Any CPU
		{D05E5961-72BC-4188-B2A5-6F726CB1B965}.Release|x86.ActiveCfg = Release|Any CPU
		{D05E5961-72BC-4188-B2A5-6F726CB1B965}.Release|x86.Build.0 = Release|Any CPU
		{D266FBF4-D795-4A34-8E01-5855687A0784}.Debug|Any CPU.ActiveCfg = Debug|Any CPU
		{D266FBF4-D795-4A34-8E01-5855687A0784}.Debug|Any CPU.Build.0 = Debug|Any CPU
		{D266FBF4-D795-4A34-8E01-5855687A0784}.Debug|x64.ActiveCfg = Debug|Any CPU
		{D266FBF4-D795-4A34-8E01-5855687A0784}.Debug|x64.Build.0 = Debug|Any CPU
		{D266FBF4-D795-4A34-8E01-5855687A0784}.Debug|x86.ActiveCfg = Debug|Any CPU
		{D266FBF4-D795-4A34-8E01-5855687A0784}.Debug|x86.Build.0 = Debug|Any CPU
		{D266FBF4-D795-4A34-8E01-5855687A0784}.Release|Any CPU.ActiveCfg = Release|Any CPU
		{D266FBF4-D795-4A34-8E01-5855687A0784}.Release|Any CPU.Build.0 = Release|Any CPU
		{D266FBF4-D795-4A34-8E01-5855687A0784}.Release|x64.ActiveCfg = Release|Any CPU
		{D266FBF4-D795-4A34-8E01-5855687A0784}.Release|x64.Build.0 = Release|Any CPU
		{D266FBF4-D795-4A34-8E01-5855687A0784}.Release|x86.ActiveCfg = Release|Any CPU
		{D266FBF4-D795-4A34-8E01-5855687A0784}.Release|x86.Build.0 = Release|Any CPU
		{7B53994C-317F-404C-A698-2D8D19DC871D}.Debug|Any CPU.ActiveCfg = Debug|Any CPU
		{7B53994C-317F-404C-A698-2D8D19DC871D}.Debug|Any CPU.Build.0 = Debug|Any CPU
		{7B53994C-317F-404C-A698-2D8D19DC871D}.Debug|x64.ActiveCfg = Debug|Any CPU
		{7B53994C-317F-404C-A698-2D8D19DC871D}.Debug|x64.Build.0 = Debug|Any CPU
		{7B53994C-317F-404C-A698-2D8D19DC871D}.Debug|x86.ActiveCfg = Debug|Any CPU
		{7B53994C-317F-404C-A698-2D8D19DC871D}.Debug|x86.Build.0 = Debug|Any CPU
		{7B53994C-317F-404C-A698-2D8D19DC871D}.Release|Any CPU.ActiveCfg = Release|Any CPU
		{7B53994C-317F-404C-A698-2D8D19DC871D}.Release|Any CPU.Build.0 = Release|Any CPU
		{7B53994C-317F-404C-A698-2D8D19DC871D}.Release|x64.ActiveCfg = Release|Any CPU
		{7B53994C-317F-404C-A698-2D8D19DC871D}.Release|x64.Build.0 = Release|Any CPU
		{7B53994C-317F-404C-A698-2D8D19DC871D}.Release|x86.ActiveCfg = Release|Any CPU
		{7B53994C-317F-404C-A698-2D8D19DC871D}.Release|x86.Build.0 = Release|Any CPU
		{08BC3C4D-2F23-4AAB-8FF4-39BDCD804346}.Debug|Any CPU.ActiveCfg = Debug|Any CPU
		{08BC3C4D-2F23-4AAB-8FF4-39BDCD804346}.Debug|Any CPU.Build.0 = Debug|Any CPU
		{08BC3C4D-2F23-4AAB-8FF4-39BDCD804346}.Debug|x64.ActiveCfg = Debug|Any CPU
		{08BC3C4D-2F23-4AAB-8FF4-39BDCD804346}.Debug|x64.Build.0 = Debug|Any CPU
		{08BC3C4D-2F23-4AAB-8FF4-39BDCD804346}.Debug|x86.ActiveCfg = Debug|Any CPU
		{08BC3C4D-2F23-4AAB-8FF4-39BDCD804346}.Debug|x86.Build.0 = Debug|Any CPU
		{08BC3C4D-2F23-4AAB-8FF4-39BDCD804346}.Release|Any CPU.ActiveCfg = Release|Any CPU
		{08BC3C4D-2F23-4AAB-8FF4-39BDCD804346}.Release|Any CPU.Build.0 = Release|Any CPU
		{08BC3C4D-2F23-4AAB-8FF4-39BDCD804346}.Release|x64.ActiveCfg = Release|Any CPU
		{08BC3C4D-2F23-4AAB-8FF4-39BDCD804346}.Release|x64.Build.0 = Release|Any CPU
		{08BC3C4D-2F23-4AAB-8FF4-39BDCD804346}.Release|x86.ActiveCfg = Release|Any CPU
		{08BC3C4D-2F23-4AAB-8FF4-39BDCD804346}.Release|x86.Build.0 = Release|Any CPU
		{C903AA5E-5B1D-460A-A50C-A860F13C29E1}.Debug|Any CPU.ActiveCfg = Debug|Any CPU
		{C903AA5E-5B1D-460A-A50C-A860F13C29E1}.Debug|Any CPU.Build.0 = Debug|Any CPU
		{C903AA5E-5B1D-460A-A50C-A860F13C29E1}.Debug|x64.ActiveCfg = Debug|Any CPU
		{C903AA5E-5B1D-460A-A50C-A860F13C29E1}.Debug|x64.Build.0 = Debug|Any CPU
		{C903AA5E-5B1D-460A-A50C-A860F13C29E1}.Debug|x86.ActiveCfg = Debug|Any CPU
		{C903AA5E-5B1D-460A-A50C-A860F13C29E1}.Debug|x86.Build.0 = Debug|Any CPU
		{C903AA5E-5B1D-460A-A50C-A860F13C29E1}.Release|Any CPU.ActiveCfg = Release|Any CPU
		{C903AA5E-5B1D-460A-A50C-A860F13C29E1}.Release|Any CPU.Build.0 = Release|Any CPU
		{C903AA5E-5B1D-460A-A50C-A860F13C29E1}.Release|x64.ActiveCfg = Release|Any CPU
		{C903AA5E-5B1D-460A-A50C-A860F13C29E1}.Release|x64.Build.0 = Release|Any CPU
		{C903AA5E-5B1D-460A-A50C-A860F13C29E1}.Release|x86.ActiveCfg = Release|Any CPU
		{C903AA5E-5B1D-460A-A50C-A860F13C29E1}.Release|x86.Build.0 = Release|Any CPU
		{E46AA2C3-05B2-44D5-ACFA-8E03661B1270}.Debug|Any CPU.ActiveCfg = Debug|Any CPU
		{E46AA2C3-05B2-44D5-ACFA-8E03661B1270}.Debug|Any CPU.Build.0 = Debug|Any CPU
		{E46AA2C3-05B2-44D5-ACFA-8E03661B1270}.Debug|x64.ActiveCfg = Debug|Any CPU
		{E46AA2C3-05B2-44D5-ACFA-8E03661B1270}.Debug|x64.Build.0 = Debug|Any CPU
		{E46AA2C3-05B2-44D5-ACFA-8E03661B1270}.Debug|x86.ActiveCfg = Debug|Any CPU
		{E46AA2C3-05B2-44D5-ACFA-8E03661B1270}.Debug|x86.Build.0 = Debug|Any CPU
		{E46AA2C3-05B2-44D5-ACFA-8E03661B1270}.Release|Any CPU.ActiveCfg = Release|Any CPU
		{E46AA2C3-05B2-44D5-ACFA-8E03661B1270}.Release|Any CPU.Build.0 = Release|Any CPU
		{E46AA2C3-05B2-44D5-ACFA-8E03661B1270}.Release|x64.ActiveCfg = Release|Any CPU
		{E46AA2C3-05B2-44D5-ACFA-8E03661B1270}.Release|x64.Build.0 = Release|Any CPU
		{E46AA2C3-05B2-44D5-ACFA-8E03661B1270}.Release|x86.ActiveCfg = Release|Any CPU
		{E46AA2C3-05B2-44D5-ACFA-8E03661B1270}.Release|x86.Build.0 = Release|Any CPU
		{41ADAFCC-A227-483D-9B5B-0E5AE851C72D}.Debug|Any CPU.ActiveCfg = Debug|Any CPU
		{41ADAFCC-A227-483D-9B5B-0E5AE851C72D}.Debug|Any CPU.Build.0 = Debug|Any CPU
		{41ADAFCC-A227-483D-9B5B-0E5AE851C72D}.Debug|x64.ActiveCfg = Debug|Any CPU
		{41ADAFCC-A227-483D-9B5B-0E5AE851C72D}.Debug|x64.Build.0 = Debug|Any CPU
		{41ADAFCC-A227-483D-9B5B-0E5AE851C72D}.Debug|x86.ActiveCfg = Debug|Any CPU
		{41ADAFCC-A227-483D-9B5B-0E5AE851C72D}.Debug|x86.Build.0 = Debug|Any CPU
		{41ADAFCC-A227-483D-9B5B-0E5AE851C72D}.Release|Any CPU.ActiveCfg = Release|Any CPU
		{41ADAFCC-A227-483D-9B5B-0E5AE851C72D}.Release|Any CPU.Build.0 = Release|Any CPU
		{41ADAFCC-A227-483D-9B5B-0E5AE851C72D}.Release|x64.ActiveCfg = Release|Any CPU
		{41ADAFCC-A227-483D-9B5B-0E5AE851C72D}.Release|x64.Build.0 = Release|Any CPU
		{41ADAFCC-A227-483D-9B5B-0E5AE851C72D}.Release|x86.ActiveCfg = Release|Any CPU
		{41ADAFCC-A227-483D-9B5B-0E5AE851C72D}.Release|x86.Build.0 = Release|Any CPU
		{55B69987-0D21-4EF6-8A3A-21F417065F96}.Debug|Any CPU.ActiveCfg = Debug|Any CPU
		{55B69987-0D21-4EF6-8A3A-21F417065F96}.Debug|Any CPU.Build.0 = Debug|Any CPU
		{55B69987-0D21-4EF6-8A3A-21F417065F96}.Debug|x64.ActiveCfg = Debug|Any CPU
		{55B69987-0D21-4EF6-8A3A-21F417065F96}.Debug|x64.Build.0 = Debug|Any CPU
		{55B69987-0D21-4EF6-8A3A-21F417065F96}.Debug|x86.ActiveCfg = Debug|Any CPU
		{55B69987-0D21-4EF6-8A3A-21F417065F96}.Debug|x86.Build.0 = Debug|Any CPU
		{55B69987-0D21-4EF6-8A3A-21F417065F96}.Release|Any CPU.ActiveCfg = Release|Any CPU
		{55B69987-0D21-4EF6-8A3A-21F417065F96}.Release|Any CPU.Build.0 = Release|Any CPU
		{55B69987-0D21-4EF6-8A3A-21F417065F96}.Release|x64.ActiveCfg = Release|Any CPU
		{55B69987-0D21-4EF6-8A3A-21F417065F96}.Release|x64.Build.0 = Release|Any CPU
		{55B69987-0D21-4EF6-8A3A-21F417065F96}.Release|x86.ActiveCfg = Release|Any CPU
		{55B69987-0D21-4EF6-8A3A-21F417065F96}.Release|x86.Build.0 = Release|Any CPU
		{24E237A4-3675-45F1-AE8C-0CCAE5B294BB}.Debug|Any CPU.ActiveCfg = Debug|Any CPU
		{24E237A4-3675-45F1-AE8C-0CCAE5B294BB}.Debug|Any CPU.Build.0 = Debug|Any CPU
		{24E237A4-3675-45F1-AE8C-0CCAE5B294BB}.Debug|x64.ActiveCfg = Debug|Any CPU
		{24E237A4-3675-45F1-AE8C-0CCAE5B294BB}.Debug|x64.Build.0 = Debug|Any CPU
		{24E237A4-3675-45F1-AE8C-0CCAE5B294BB}.Debug|x86.ActiveCfg = Debug|Any CPU
		{24E237A4-3675-45F1-AE8C-0CCAE5B294BB}.Debug|x86.Build.0 = Debug|Any CPU
		{24E237A4-3675-45F1-AE8C-0CCAE5B294BB}.Release|Any CPU.ActiveCfg = Release|Any CPU
		{24E237A4-3675-45F1-AE8C-0CCAE5B294BB}.Release|Any CPU.Build.0 = Release|Any CPU
		{24E237A4-3675-45F1-AE8C-0CCAE5B294BB}.Release|x64.ActiveCfg = Release|Any CPU
		{24E237A4-3675-45F1-AE8C-0CCAE5B294BB}.Release|x64.Build.0 = Release|Any CPU
		{24E237A4-3675-45F1-AE8C-0CCAE5B294BB}.Release|x86.ActiveCfg = Release|Any CPU
		{24E237A4-3675-45F1-AE8C-0CCAE5B294BB}.Release|x86.Build.0 = Release|Any CPU
		{1D6D535A-52E4-4D35-B678-328953BEC5C2}.Debug|Any CPU.ActiveCfg = Debug|Any CPU
		{1D6D535A-52E4-4D35-B678-328953BEC5C2}.Debug|Any CPU.Build.0 = Debug|Any CPU
		{1D6D535A-52E4-4D35-B678-328953BEC5C2}.Debug|x64.ActiveCfg = Debug|Any CPU
		{1D6D535A-52E4-4D35-B678-328953BEC5C2}.Debug|x64.Build.0 = Debug|Any CPU
		{1D6D535A-52E4-4D35-B678-328953BEC5C2}.Debug|x86.ActiveCfg = Debug|Any CPU
		{1D6D535A-52E4-4D35-B678-328953BEC5C2}.Debug|x86.Build.0 = Debug|Any CPU
		{1D6D535A-52E4-4D35-B678-328953BEC5C2}.Release|Any CPU.ActiveCfg = Release|Any CPU
		{1D6D535A-52E4-4D35-B678-328953BEC5C2}.Release|Any CPU.Build.0 = Release|Any CPU
		{1D6D535A-52E4-4D35-B678-328953BEC5C2}.Release|x64.ActiveCfg = Release|Any CPU
		{1D6D535A-52E4-4D35-B678-328953BEC5C2}.Release|x64.Build.0 = Release|Any CPU
		{1D6D535A-52E4-4D35-B678-328953BEC5C2}.Release|x86.ActiveCfg = Release|Any CPU
		{1D6D535A-52E4-4D35-B678-328953BEC5C2}.Release|x86.Build.0 = Release|Any CPU
		{1EFF51DA-0BCC-41F8-96C5-67B49167C57F}.Debug|Any CPU.ActiveCfg = Debug|Any CPU
		{1EFF51DA-0BCC-41F8-96C5-67B49167C57F}.Debug|Any CPU.Build.0 = Debug|Any CPU
		{1EFF51DA-0BCC-41F8-96C5-67B49167C57F}.Debug|x64.ActiveCfg = Debug|Any CPU
		{1EFF51DA-0BCC-41F8-96C5-67B49167C57F}.Debug|x64.Build.0 = Debug|Any CPU
		{1EFF51DA-0BCC-41F8-96C5-67B49167C57F}.Debug|x86.ActiveCfg = Debug|Any CPU
		{1EFF51DA-0BCC-41F8-96C5-67B49167C57F}.Debug|x86.Build.0 = Debug|Any CPU
		{1EFF51DA-0BCC-41F8-96C5-67B49167C57F}.Release|Any CPU.ActiveCfg = Release|Any CPU
		{1EFF51DA-0BCC-41F8-96C5-67B49167C57F}.Release|Any CPU.Build.0 = Release|Any CPU
		{1EFF51DA-0BCC-41F8-96C5-67B49167C57F}.Release|x64.ActiveCfg = Release|Any CPU
		{1EFF51DA-0BCC-41F8-96C5-67B49167C57F}.Release|x64.Build.0 = Release|Any CPU
		{1EFF51DA-0BCC-41F8-96C5-67B49167C57F}.Release|x86.ActiveCfg = Release|Any CPU
		{1EFF51DA-0BCC-41F8-96C5-67B49167C57F}.Release|x86.Build.0 = Release|Any CPU
		{04499193-D21B-459A-8091-4FD54EA478B0}.Debug|Any CPU.ActiveCfg = Debug|Any CPU
		{04499193-D21B-459A-8091-4FD54EA478B0}.Debug|Any CPU.Build.0 = Debug|Any CPU
		{04499193-D21B-459A-8091-4FD54EA478B0}.Debug|x64.ActiveCfg = Debug|Any CPU
		{04499193-D21B-459A-8091-4FD54EA478B0}.Debug|x64.Build.0 = Debug|Any CPU
		{04499193-D21B-459A-8091-4FD54EA478B0}.Debug|x86.ActiveCfg = Debug|Any CPU
		{04499193-D21B-459A-8091-4FD54EA478B0}.Debug|x86.Build.0 = Debug|Any CPU
		{04499193-D21B-459A-8091-4FD54EA478B0}.Release|Any CPU.ActiveCfg = Release|Any CPU
		{04499193-D21B-459A-8091-4FD54EA478B0}.Release|Any CPU.Build.0 = Release|Any CPU
		{04499193-D21B-459A-8091-4FD54EA478B0}.Release|x64.ActiveCfg = Release|Any CPU
		{04499193-D21B-459A-8091-4FD54EA478B0}.Release|x64.Build.0 = Release|Any CPU
		{04499193-D21B-459A-8091-4FD54EA478B0}.Release|x86.ActiveCfg = Release|Any CPU
		{04499193-D21B-459A-8091-4FD54EA478B0}.Release|x86.Build.0 = Release|Any CPU
		{B511956B-A912-464B-BE7A-AF1377AE3249}.Debug|Any CPU.ActiveCfg = Debug|Any CPU
		{B511956B-A912-464B-BE7A-AF1377AE3249}.Debug|Any CPU.Build.0 = Debug|Any CPU
		{B511956B-A912-464B-BE7A-AF1377AE3249}.Debug|x64.ActiveCfg = Debug|Any CPU
		{B511956B-A912-464B-BE7A-AF1377AE3249}.Debug|x64.Build.0 = Debug|Any CPU
		{B511956B-A912-464B-BE7A-AF1377AE3249}.Debug|x86.ActiveCfg = Debug|Any CPU
		{B511956B-A912-464B-BE7A-AF1377AE3249}.Debug|x86.Build.0 = Debug|Any CPU
		{B511956B-A912-464B-BE7A-AF1377AE3249}.Release|Any CPU.ActiveCfg = Release|Any CPU
		{B511956B-A912-464B-BE7A-AF1377AE3249}.Release|Any CPU.Build.0 = Release|Any CPU
		{B511956B-A912-464B-BE7A-AF1377AE3249}.Release|x64.ActiveCfg = Release|Any CPU
		{B511956B-A912-464B-BE7A-AF1377AE3249}.Release|x64.Build.0 = Release|Any CPU
		{B511956B-A912-464B-BE7A-AF1377AE3249}.Release|x86.ActiveCfg = Release|Any CPU
		{B511956B-A912-464B-BE7A-AF1377AE3249}.Release|x86.Build.0 = Release|Any CPU
		{1894FB54-7D8F-4B41-A2C1-7D48541CC66D}.Debug|Any CPU.ActiveCfg = Debug|Any CPU
		{1894FB54-7D8F-4B41-A2C1-7D48541CC66D}.Debug|Any CPU.Build.0 = Debug|Any CPU
		{1894FB54-7D8F-4B41-A2C1-7D48541CC66D}.Debug|x64.ActiveCfg = Debug|Any CPU
		{1894FB54-7D8F-4B41-A2C1-7D48541CC66D}.Debug|x64.Build.0 = Debug|Any CPU
		{1894FB54-7D8F-4B41-A2C1-7D48541CC66D}.Debug|x86.ActiveCfg = Debug|Any CPU
		{1894FB54-7D8F-4B41-A2C1-7D48541CC66D}.Debug|x86.Build.0 = Debug|Any CPU
		{1894FB54-7D8F-4B41-A2C1-7D48541CC66D}.Release|Any CPU.ActiveCfg = Release|Any CPU
		{1894FB54-7D8F-4B41-A2C1-7D48541CC66D}.Release|Any CPU.Build.0 = Release|Any CPU
		{1894FB54-7D8F-4B41-A2C1-7D48541CC66D}.Release|x64.ActiveCfg = Release|Any CPU
		{1894FB54-7D8F-4B41-A2C1-7D48541CC66D}.Release|x64.Build.0 = Release|Any CPU
		{1894FB54-7D8F-4B41-A2C1-7D48541CC66D}.Release|x86.ActiveCfg = Release|Any CPU
		{1894FB54-7D8F-4B41-A2C1-7D48541CC66D}.Release|x86.Build.0 = Release|Any CPU
		{D07B857C-ABA2-47A8-AF69-58B8CED4D87D}.Debug|Any CPU.ActiveCfg = Debug|Any CPU
		{D07B857C-ABA2-47A8-AF69-58B8CED4D87D}.Debug|Any CPU.Build.0 = Debug|Any CPU
		{D07B857C-ABA2-47A8-AF69-58B8CED4D87D}.Debug|x64.ActiveCfg = Debug|Any CPU
		{D07B857C-ABA2-47A8-AF69-58B8CED4D87D}.Debug|x64.Build.0 = Debug|Any CPU
		{D07B857C-ABA2-47A8-AF69-58B8CED4D87D}.Debug|x86.ActiveCfg = Debug|Any CPU
		{D07B857C-ABA2-47A8-AF69-58B8CED4D87D}.Debug|x86.Build.0 = Debug|Any CPU
		{D07B857C-ABA2-47A8-AF69-58B8CED4D87D}.Release|Any CPU.ActiveCfg = Release|Any CPU
		{D07B857C-ABA2-47A8-AF69-58B8CED4D87D}.Release|Any CPU.Build.0 = Release|Any CPU
		{D07B857C-ABA2-47A8-AF69-58B8CED4D87D}.Release|x64.ActiveCfg = Release|Any CPU
		{D07B857C-ABA2-47A8-AF69-58B8CED4D87D}.Release|x64.Build.0 = Release|Any CPU
		{D07B857C-ABA2-47A8-AF69-58B8CED4D87D}.Release|x86.ActiveCfg = Release|Any CPU
		{D07B857C-ABA2-47A8-AF69-58B8CED4D87D}.Release|x86.Build.0 = Release|Any CPU
		{5029C123-C354-4C03-9BF0-3100948875C9}.Debug|Any CPU.ActiveCfg = Debug|Any CPU
		{5029C123-C354-4C03-9BF0-3100948875C9}.Debug|Any CPU.Build.0 = Debug|Any CPU
		{5029C123-C354-4C03-9BF0-3100948875C9}.Debug|x64.ActiveCfg = Debug|Any CPU
		{5029C123-C354-4C03-9BF0-3100948875C9}.Debug|x64.Build.0 = Debug|Any CPU
		{5029C123-C354-4C03-9BF0-3100948875C9}.Debug|x86.ActiveCfg = Debug|Any CPU
		{5029C123-C354-4C03-9BF0-3100948875C9}.Debug|x86.Build.0 = Debug|Any CPU
		{5029C123-C354-4C03-9BF0-3100948875C9}.Release|Any CPU.ActiveCfg = Release|Any CPU
		{5029C123-C354-4C03-9BF0-3100948875C9}.Release|Any CPU.Build.0 = Release|Any CPU
		{5029C123-C354-4C03-9BF0-3100948875C9}.Release|x64.ActiveCfg = Release|Any CPU
		{5029C123-C354-4C03-9BF0-3100948875C9}.Release|x64.Build.0 = Release|Any CPU
		{5029C123-C354-4C03-9BF0-3100948875C9}.Release|x86.ActiveCfg = Release|Any CPU
		{5029C123-C354-4C03-9BF0-3100948875C9}.Release|x86.Build.0 = Release|Any CPU
		{B244BC57-5B92-4071-A42C-A0030812D03A}.Debug|Any CPU.ActiveCfg = Debug|Any CPU
		{B244BC57-5B92-4071-A42C-A0030812D03A}.Debug|Any CPU.Build.0 = Debug|Any CPU
		{B244BC57-5B92-4071-A42C-A0030812D03A}.Debug|x64.ActiveCfg = Debug|Any CPU
		{B244BC57-5B92-4071-A42C-A0030812D03A}.Debug|x64.Build.0 = Debug|Any CPU
		{B244BC57-5B92-4071-A42C-A0030812D03A}.Debug|x86.ActiveCfg = Debug|Any CPU
		{B244BC57-5B92-4071-A42C-A0030812D03A}.Debug|x86.Build.0 = Debug|Any CPU
		{B244BC57-5B92-4071-A42C-A0030812D03A}.Release|Any CPU.ActiveCfg = Release|Any CPU
		{B244BC57-5B92-4071-A42C-A0030812D03A}.Release|Any CPU.Build.0 = Release|Any CPU
		{B244BC57-5B92-4071-A42C-A0030812D03A}.Release|x64.ActiveCfg = Release|Any CPU
		{B244BC57-5B92-4071-A42C-A0030812D03A}.Release|x64.Build.0 = Release|Any CPU
		{B244BC57-5B92-4071-A42C-A0030812D03A}.Release|x86.ActiveCfg = Release|Any CPU
		{B244BC57-5B92-4071-A42C-A0030812D03A}.Release|x86.Build.0 = Release|Any CPU
		{55CAC246-C6BB-4327-A709-C49197EBC3F4}.Debug|Any CPU.ActiveCfg = Debug|Any CPU
		{55CAC246-C6BB-4327-A709-C49197EBC3F4}.Debug|Any CPU.Build.0 = Debug|Any CPU
		{55CAC246-C6BB-4327-A709-C49197EBC3F4}.Debug|x64.ActiveCfg = Debug|Any CPU
		{55CAC246-C6BB-4327-A709-C49197EBC3F4}.Debug|x64.Build.0 = Debug|Any CPU
		{55CAC246-C6BB-4327-A709-C49197EBC3F4}.Debug|x86.ActiveCfg = Debug|Any CPU
		{55CAC246-C6BB-4327-A709-C49197EBC3F4}.Debug|x86.Build.0 = Debug|Any CPU
		{55CAC246-C6BB-4327-A709-C49197EBC3F4}.Release|Any CPU.ActiveCfg = Release|Any CPU
		{55CAC246-C6BB-4327-A709-C49197EBC3F4}.Release|Any CPU.Build.0 = Release|Any CPU
		{55CAC246-C6BB-4327-A709-C49197EBC3F4}.Release|x64.ActiveCfg = Release|Any CPU
		{55CAC246-C6BB-4327-A709-C49197EBC3F4}.Release|x64.Build.0 = Release|Any CPU
		{55CAC246-C6BB-4327-A709-C49197EBC3F4}.Release|x86.ActiveCfg = Release|Any CPU
		{55CAC246-C6BB-4327-A709-C49197EBC3F4}.Release|x86.Build.0 = Release|Any CPU
		{F21F667F-ACDB-4E55-9417-4E54ED76ED5C}.Debug|Any CPU.ActiveCfg = Debug|Any CPU
		{F21F667F-ACDB-4E55-9417-4E54ED76ED5C}.Debug|Any CPU.Build.0 = Debug|Any CPU
		{F21F667F-ACDB-4E55-9417-4E54ED76ED5C}.Debug|x64.ActiveCfg = Debug|Any CPU
		{F21F667F-ACDB-4E55-9417-4E54ED76ED5C}.Debug|x64.Build.0 = Debug|Any CPU
		{F21F667F-ACDB-4E55-9417-4E54ED76ED5C}.Debug|x86.ActiveCfg = Debug|Any CPU
		{F21F667F-ACDB-4E55-9417-4E54ED76ED5C}.Debug|x86.Build.0 = Debug|Any CPU
		{F21F667F-ACDB-4E55-9417-4E54ED76ED5C}.Release|Any CPU.ActiveCfg = Release|Any CPU
		{F21F667F-ACDB-4E55-9417-4E54ED76ED5C}.Release|Any CPU.Build.0 = Release|Any CPU
		{F21F667F-ACDB-4E55-9417-4E54ED76ED5C}.Release|x64.ActiveCfg = Release|Any CPU
		{F21F667F-ACDB-4E55-9417-4E54ED76ED5C}.Release|x64.Build.0 = Release|Any CPU
		{F21F667F-ACDB-4E55-9417-4E54ED76ED5C}.Release|x86.ActiveCfg = Release|Any CPU
		{F21F667F-ACDB-4E55-9417-4E54ED76ED5C}.Release|x86.Build.0 = Release|Any CPU
	EndGlobalSection
	GlobalSection(NestedProjects) = preSolution
		{3B3CD0C0-652A-4BB5-86DE-1F268CD9BFD7} = {851BFF8B-B848-4DA6-AF8B-CD093AD4A711}
		{5B849F66-5D75-4B0F-B847-FBC6E53F7F66} = {851BFF8B-B848-4DA6-AF8B-CD093AD4A711}
		{BD1E6B4B-81F3-4B38-8311-93B425C5A386} = {851BFF8B-B848-4DA6-AF8B-CD093AD4A711}
		{1BE5F25C-3030-4104-976E-EEE901B664D2} = {851BFF8B-B848-4DA6-AF8B-CD093AD4A711}
		{DB6F4D5C-4AEC-4388-8B12-D07ECE6242A9} = {4AF6B600-675F-461B-82E0-A9493FB3CC48}
		{B7A82265-9E58-431E-B2E6-55020ACADDBB} = {4AF6B600-675F-461B-82E0-A9493FB3CC48}
		{0AB3FF0E-61A7-437D-9D34-B3A594E71B19} = {851BFF8B-B848-4DA6-AF8B-CD093AD4A711}
		{FE5AB9F4-DCD5-4F70-87A1-960B4B4F66B2} = {851BFF8B-B848-4DA6-AF8B-CD093AD4A711}
		{86FD322F-0EF4-459B-A258-CDD4EC400915} = {851BFF8B-B848-4DA6-AF8B-CD093AD4A711}
		{3979DD70-58DF-4C5F-BC8A-A198C17B838F} = {851BFF8B-B848-4DA6-AF8B-CD093AD4A711}
		{0534EDB5-52AD-401B-B182-BE975A8B0968} = {851BFF8B-B848-4DA6-AF8B-CD093AD4A711}
		{D05E5961-72BC-4188-B2A5-6F726CB1B965} = {851BFF8B-B848-4DA6-AF8B-CD093AD4A711}
		{D266FBF4-D795-4A34-8E01-5855687A0784} = {851BFF8B-B848-4DA6-AF8B-CD093AD4A711}
		{7B53994C-317F-404C-A698-2D8D19DC871D} = {851BFF8B-B848-4DA6-AF8B-CD093AD4A711}
		{08BC3C4D-2F23-4AAB-8FF4-39BDCD804346} = {851BFF8B-B848-4DA6-AF8B-CD093AD4A711}
		{C903AA5E-5B1D-460A-A50C-A860F13C29E1} = {851BFF8B-B848-4DA6-AF8B-CD093AD4A711}
		{E46AA2C3-05B2-44D5-ACFA-8E03661B1270} = {851BFF8B-B848-4DA6-AF8B-CD093AD4A711}
		{41ADAFCC-A227-483D-9B5B-0E5AE851C72D} = {851BFF8B-B848-4DA6-AF8B-CD093AD4A711}
		{55B69987-0D21-4EF6-8A3A-21F417065F96} = {851BFF8B-B848-4DA6-AF8B-CD093AD4A711}
		{24E237A4-3675-45F1-AE8C-0CCAE5B294BB} = {851BFF8B-B848-4DA6-AF8B-CD093AD4A711}
		{1D6D535A-52E4-4D35-B678-328953BEC5C2} = {851BFF8B-B848-4DA6-AF8B-CD093AD4A711}
		{1EFF51DA-0BCC-41F8-96C5-67B49167C57F} = {851BFF8B-B848-4DA6-AF8B-CD093AD4A711}
		{04499193-D21B-459A-8091-4FD54EA478B0} = {851BFF8B-B848-4DA6-AF8B-CD093AD4A711}
	EndGlobalSection
EndGlobal
